// !$*UTF8*$!
{
	archiveVersion = 1;
	classes = {
	};
	objectVersion = 46;
	objects = {

/* Begin PBXBuildFile section */
		9F06A0682149B0400029DE0A /* SSSF-MarcumQ.swift in Sources */ = {isa = PBXBuildFile; fileRef = 9F56CEF8213D20F50048A427 /* SSSF-MarcumQ.swift */; };
		9F13CD21211B71D100153FC3 /* CodableFloat80.swift in Sources */ = {isa = PBXBuildFile; fileRef = 9F13CD20211B71D100153FC3 /* CodableFloat80.swift */; };
		9F180B802110AF66007C6C1C /* SSExamine-Sn_Qn.swift in Sources */ = {isa = PBXBuildFile; fileRef = 9F180B7F2110AF1B007C6C1C /* SSExamine-Sn_Qn.swift */; };
		9F180B812110AF67007C6C1C /* SSExamine-Sn_Qn.swift in Sources */ = {isa = PBXBuildFile; fileRef = 9F180B7F2110AF1B007C6C1C /* SSExamine-Sn_Qn.swift */; };
		9F19FC4E22B132C40042E922 /* main.swift in Sources */ = {isa = PBXBuildFile; fileRef = 9F19FC4D22B132C40042E922 /* main.swift */; };
		9F19FC5222B132EA0042E922 /* SwiftyStats.framework in Frameworks */ = {isa = PBXBuildFile; fileRef = 9F82D3A31F1E8F19001BFC9D /* SwiftyStats.framework */; };
		9F1F70EC2103A0280037DFB5 /* CHANGELOG in Resources */ = {isa = PBXBuildFile; fileRef = 9F1F70EB2103A0280037DFB5 /* CHANGELOG */; };
		9F2EC6B1210AEF3E005AA755 /* Hypergeo.swift in Sources */ = {isa = PBXBuildFile; fileRef = 9F2EC6B0210AEF3E005AA755 /* Hypergeo.swift */; };
		9F2EC6B2210AEF3E005AA755 /* Hypergeo.swift in Sources */ = {isa = PBXBuildFile; fileRef = 9F2EC6B0210AEF3E005AA755 /* Hypergeo.swift */; };
		9F2F23AE22A989FF0014CC4C /* Array-Extension.swift in Sources */ = {isa = PBXBuildFile; fileRef = 9F2F23AD22A989FF0014CC4C /* Array-Extension.swift */; };
		9F2F23AF22A989FF0014CC4C /* Array-Extension.swift in Sources */ = {isa = PBXBuildFile; fileRef = 9F2F23AD22A989FF0014CC4C /* Array-Extension.swift */; };
		9F371A3D212EAA6800BECC71 /* ProbDist-NoncentralT.swift in Sources */ = {isa = PBXBuildFile; fileRef = 9F371A3C212EAA6800BECC71 /* ProbDist-NoncentralT.swift */; };
		9F429DBB2150F28800C27B6B /* Airy.swift in Sources */ = {isa = PBXBuildFile; fileRef = 9F429DBA2150F28800C27B6B /* Airy.swift */; };
		9F429DBC2150F28800C27B6B /* Airy.swift in Sources */ = {isa = PBXBuildFile; fileRef = 9F429DBA2150F28800C27B6B /* Airy.swift */; };
		9F4A44BE22AD939D00144552 /* SSExamine-Stats.swift in Sources */ = {isa = PBXBuildFile; fileRef = 9FEA82491F76C9F6005E4349 /* SSExamine-Stats.swift */; };
		9F4A44BF22AD939D00144552 /* SSExamine-Stats.swift in Sources */ = {isa = PBXBuildFile; fileRef = 9FEA82491F76C9F6005E4349 /* SSExamine-Stats.swift */; };
		9F4DF7BE21516C010013792A /* Airy_Constants.swift in Sources */ = {isa = PBXBuildFile; fileRef = 9F4DF7BD21516C010013792A /* Airy_Constants.swift */; };
		9F4DF7BF21516C010013792A /* Airy_Constants.swift in Sources */ = {isa = PBXBuildFile; fileRef = 9F4DF7BD21516C010013792A /* Airy_Constants.swift */; };
		9F500411217862B000D0A3C3 /* gammaData.swift in Sources */ = {isa = PBXBuildFile; fileRef = 9F500410217862B000D0A3C3 /* gammaData.swift */; };
		9F51D349217B32FF00D1DE83 /* SSComplexMath.swift in Sources */ = {isa = PBXBuildFile; fileRef = 9F7BEEB82170761900A3C5D9 /* SSComplexMath.swift */; };
		9F51D34B217B3DCB00D1DE83 /* randoms.swift in Sources */ = {isa = PBXBuildFile; fileRef = 9F51D34A217B3DCB00D1DE83 /* randoms.swift */; };
		9F5A2A2C216909DF004DA091 /* HypergeometricPFQ.swift in Sources */ = {isa = PBXBuildFile; fileRef = 9FC1C9742160E84A00AE4457 /* HypergeometricPFQ.swift */; };
		9F5A2A2D216909E0004DA091 /* HypergeometricPFQ.swift in Sources */ = {isa = PBXBuildFile; fileRef = 9FC1C9742160E84A00AE4457 /* HypergeometricPFQ.swift */; };
		9F5BF9ED22C77258000DEC25 /* Namespaces.swift in Sources */ = {isa = PBXBuildFile; fileRef = 9F5BF9EC22C77258000DEC25 /* Namespaces.swift */; };
		9F5BF9EE22C77258000DEC25 /* Namespaces.swift in Sources */ = {isa = PBXBuildFile; fileRef = 9F5BF9EC22C77258000DEC25 /* Namespaces.swift */; };
		9F5FFE49212D738C00047213 /* SSSHermiteH.swift in Sources */ = {isa = PBXBuildFile; fileRef = 9F5FFE48212D738C00047213 /* SSSHermiteH.swift */; };
		9F5FFE4A212D738C00047213 /* SSSHermiteH.swift in Sources */ = {isa = PBXBuildFile; fileRef = 9F5FFE48212D738C00047213 /* SSSHermiteH.swift */; };
		9F68C316212F4FF500E7CF44 /* ProbDist-NoncentralT.swift in Sources */ = {isa = PBXBuildFile; fileRef = 9F371A3C212EAA6800BECC71 /* ProbDist-NoncentralT.swift */; };
		9F6F0D712102664C006ACA13 /* r_derived_macros.swift in Sources */ = {isa = PBXBuildFile; fileRef = 9F6F0D702102664C006ACA13 /* r_derived_macros.swift */; };
		9F6F0D722102664C006ACA13 /* r_derived_macros.swift in Sources */ = {isa = PBXBuildFile; fileRef = 9F6F0D702102664C006ACA13 /* r_derived_macros.swift */; };
		9F79AC5B214C2DFB00354E1E /* SSSF-MarcumQ.swift in Sources */ = {isa = PBXBuildFile; fileRef = 9F56CEF8213D20F50048A427 /* SSSF-MarcumQ.swift */; };
		9F7BEEB92170761900A3C5D9 /* SSComplexMath.swift in Sources */ = {isa = PBXBuildFile; fileRef = 9F7BEEB82170761900A3C5D9 /* SSComplexMath.swift */; };
		9F7EFB2A2101E6BE00F0F573 /* ProbDist-Gaussian.swift in Sources */ = {isa = PBXBuildFile; fileRef = 9FEA82531F76C9F6005E4349 /* ProbDist-Gaussian.swift */; };
		9F7EFB2B2101E6BF00F0F573 /* ProbDist-Gaussian.swift in Sources */ = {isa = PBXBuildFile; fileRef = 9FEA82531F76C9F6005E4349 /* ProbDist-Gaussian.swift */; };
		9F7EFB2D2101ECAF00F0F573 /* ProbDist-StudentT.swift in Sources */ = {isa = PBXBuildFile; fileRef = 9F7EFB2C2101ECAF00F0F573 /* ProbDist-StudentT.swift */; };
		9F7EFB2F2101ED2900F0F573 /* ProbDist-ChiSquare.swift in Sources */ = {isa = PBXBuildFile; fileRef = 9F7EFB2E2101ED2900F0F573 /* ProbDist-ChiSquare.swift */; };
		9F7EFB312101EDAC00F0F573 /* ProbDist-FRatio.swift in Sources */ = {isa = PBXBuildFile; fileRef = 9F7EFB302101EDAC00F0F573 /* ProbDist-FRatio.swift */; };
		9F7EFB322101EDAC00F0F573 /* ProbDist-FRatio.swift in Sources */ = {isa = PBXBuildFile; fileRef = 9F7EFB302101EDAC00F0F573 /* ProbDist-FRatio.swift */; };
		9F7EFB332101EDB200F0F573 /* ProbDist-StudentT.swift in Sources */ = {isa = PBXBuildFile; fileRef = 9F7EFB2C2101ECAF00F0F573 /* ProbDist-StudentT.swift */; };
		9F7EFB342101EDB200F0F573 /* ProbDist-ChiSquare.swift in Sources */ = {isa = PBXBuildFile; fileRef = 9F7EFB2E2101ED2900F0F573 /* ProbDist-ChiSquare.swift */; };
		9F7EFB362101EE0A00F0F573 /* ProbDist-LogNormal.swift in Sources */ = {isa = PBXBuildFile; fileRef = 9F7EFB352101EE0A00F0F573 /* ProbDist-LogNormal.swift */; };
		9F7EFB372101EE0A00F0F573 /* ProbDist-LogNormal.swift in Sources */ = {isa = PBXBuildFile; fileRef = 9F7EFB352101EE0A00F0F573 /* ProbDist-LogNormal.swift */; };
		9F7EFB392101EE4A00F0F573 /* ProbDist-Beta.swift in Sources */ = {isa = PBXBuildFile; fileRef = 9F7EFB382101EE4A00F0F573 /* ProbDist-Beta.swift */; };
		9F7EFB3A2101EE4A00F0F573 /* ProbDist-Beta.swift in Sources */ = {isa = PBXBuildFile; fileRef = 9F7EFB382101EE4A00F0F573 /* ProbDist-Beta.swift */; };
		9F7EFB3C2101EE8B00F0F573 /* ProbDist-Cauchy.swift in Sources */ = {isa = PBXBuildFile; fileRef = 9F7EFB3B2101EE8B00F0F573 /* ProbDist-Cauchy.swift */; };
		9F7EFB3D2101EE8B00F0F573 /* ProbDist-Cauchy.swift in Sources */ = {isa = PBXBuildFile; fileRef = 9F7EFB3B2101EE8B00F0F573 /* ProbDist-Cauchy.swift */; };
		9F7EFB3F2101EEB900F0F573 /* ProbDist-Laplace.swift in Sources */ = {isa = PBXBuildFile; fileRef = 9F7EFB3E2101EEB900F0F573 /* ProbDist-Laplace.swift */; };
		9F7EFB402101EEB900F0F573 /* ProbDist-Laplace.swift in Sources */ = {isa = PBXBuildFile; fileRef = 9F7EFB3E2101EEB900F0F573 /* ProbDist-Laplace.swift */; };
		9F7EFB422101EF2C00F0F573 /* ProbDist-Logistic.swift in Sources */ = {isa = PBXBuildFile; fileRef = 9F7EFB412101EF2C00F0F573 /* ProbDist-Logistic.swift */; };
		9F7EFB432101EF2C00F0F573 /* ProbDist-Logistic.swift in Sources */ = {isa = PBXBuildFile; fileRef = 9F7EFB412101EF2C00F0F573 /* ProbDist-Logistic.swift */; };
		9F7EFB452101EF5800F0F573 /* ProbDist-Pareto.swift in Sources */ = {isa = PBXBuildFile; fileRef = 9F7EFB442101EF5800F0F573 /* ProbDist-Pareto.swift */; };
		9F7EFB462101EF5800F0F573 /* ProbDist-Pareto.swift in Sources */ = {isa = PBXBuildFile; fileRef = 9F7EFB442101EF5800F0F573 /* ProbDist-Pareto.swift */; };
		9F7EFB482101EF8F00F0F573 /* ProbDist-Exponential.swift in Sources */ = {isa = PBXBuildFile; fileRef = 9F7EFB472101EF8E00F0F573 /* ProbDist-Exponential.swift */; };
		9F7EFB492101EF8F00F0F573 /* ProbDist-Exponential.swift in Sources */ = {isa = PBXBuildFile; fileRef = 9F7EFB472101EF8E00F0F573 /* ProbDist-Exponential.swift */; };
		9F7EFB4B2101EFC400F0F573 /* ProbDist-Wald_InverseNormal.swift in Sources */ = {isa = PBXBuildFile; fileRef = 9F7EFB4A2101EFC400F0F573 /* ProbDist-Wald_InverseNormal.swift */; };
		9F7EFB4C2101EFC400F0F573 /* ProbDist-Wald_InverseNormal.swift in Sources */ = {isa = PBXBuildFile; fileRef = 9F7EFB4A2101EFC400F0F573 /* ProbDist-Wald_InverseNormal.swift */; };
		9F7EFB4E2101EFFF00F0F573 /* ProbDist-Gamma.swift in Sources */ = {isa = PBXBuildFile; fileRef = 9F7EFB4D2101EFFF00F0F573 /* ProbDist-Gamma.swift */; };
		9F7EFB4F2101EFFF00F0F573 /* ProbDist-Gamma.swift in Sources */ = {isa = PBXBuildFile; fileRef = 9F7EFB4D2101EFFF00F0F573 /* ProbDist-Gamma.swift */; };
		9F7EFB512101F02600F0F573 /* ProbDist-Erlang.swift in Sources */ = {isa = PBXBuildFile; fileRef = 9F7EFB502101F02600F0F573 /* ProbDist-Erlang.swift */; };
		9F7EFB522101F02600F0F573 /* ProbDist-Erlang.swift in Sources */ = {isa = PBXBuildFile; fileRef = 9F7EFB502101F02600F0F573 /* ProbDist-Erlang.swift */; };
		9F7EFB542101F06300F0F573 /* ProbDist-Weibull.swift in Sources */ = {isa = PBXBuildFile; fileRef = 9F7EFB532101F06300F0F573 /* ProbDist-Weibull.swift */; };
		9F7EFB552101F06300F0F573 /* ProbDist-Weibull.swift in Sources */ = {isa = PBXBuildFile; fileRef = 9F7EFB532101F06300F0F573 /* ProbDist-Weibull.swift */; };
		9F7EFB572101F08E00F0F573 /* ProbDist-Uniform.swift in Sources */ = {isa = PBXBuildFile; fileRef = 9F7EFB562101F08E00F0F573 /* ProbDist-Uniform.swift */; };
		9F7EFB582101F08E00F0F573 /* ProbDist-Uniform.swift in Sources */ = {isa = PBXBuildFile; fileRef = 9F7EFB562101F08E00F0F573 /* ProbDist-Uniform.swift */; };
		9F7EFB5A2101F0B300F0F573 /* ProbDist-Triangular.swift in Sources */ = {isa = PBXBuildFile; fileRef = 9F7EFB592101F0B300F0F573 /* ProbDist-Triangular.swift */; };
		9F7EFB5B2101F0B300F0F573 /* ProbDist-Triangular.swift in Sources */ = {isa = PBXBuildFile; fileRef = 9F7EFB592101F0B300F0F573 /* ProbDist-Triangular.swift */; };
		9F7EFB5D2101F0EF00F0F573 /* ProbDist-Binomial.swift in Sources */ = {isa = PBXBuildFile; fileRef = 9F7EFB5C2101F0EF00F0F573 /* ProbDist-Binomial.swift */; };
		9F7EFB5E2101F0EF00F0F573 /* ProbDist-Binomial.swift in Sources */ = {isa = PBXBuildFile; fileRef = 9F7EFB5C2101F0EF00F0F573 /* ProbDist-Binomial.swift */; };
		9F7EFB622101F25200F0F573 /* String-Extension-Hash.swift in Sources */ = {isa = PBXBuildFile; fileRef = 9FC118D320867ECC008860C7 /* String-Extension-Hash.swift */; };
		9F82D3AD1F1E8F19001BFC9D /* SwiftyStats.framework in Frameworks */ = {isa = PBXBuildFile; fileRef = 9F82D3A31F1E8F19001BFC9D /* SwiftyStats.framework */; };
		9F92B45622BD5D74001CF139 /* SSDeprecated.swift in Sources */ = {isa = PBXBuildFile; fileRef = 9FB18A8722B80F19003D721E /* SSDeprecated.swift */; };
		9F9E6065210DAFE40059DF46 /* SSSF-BesselI.swift in Sources */ = {isa = PBXBuildFile; fileRef = 9F9E6063210DAFE40059DF46 /* SSSF-BesselI.swift */; };
		9F9E6068210DB0230059DF46 /* SSSF-BesselJ.swift in Sources */ = {isa = PBXBuildFile; fileRef = 9F9E6066210DB0230059DF46 /* SSSF-BesselJ.swift */; };
		9F9E6069210DBDD80059DF46 /* SSSF-Gamma-Beta.swift in Sources */ = {isa = PBXBuildFile; fileRef = 9FEA82561F76C9F6005E4349 /* SSSF-Gamma-Beta.swift */; };
		9F9E606A210DBDD80059DF46 /* SSSF-BesselI.swift in Sources */ = {isa = PBXBuildFile; fileRef = 9F9E6063210DAFE40059DF46 /* SSSF-BesselI.swift */; };
		9F9E606B210DBDD80059DF46 /* SSSF-BesselJ.swift in Sources */ = {isa = PBXBuildFile; fileRef = 9F9E6066210DB0230059DF46 /* SSSF-BesselJ.swift */; };
		9F9E606D210DC2900059DF46 /* Polyeval.swift in Sources */ = {isa = PBXBuildFile; fileRef = 9F9E606C210DC2900059DF46 /* Polyeval.swift */; };
		9F9E606E210DC2900059DF46 /* Polyeval.swift in Sources */ = {isa = PBXBuildFile; fileRef = 9F9E606C210DC2900059DF46 /* Polyeval.swift */; };
		9F9E6070210DD0B10059DF46 /* Integrator.swift in Sources */ = {isa = PBXBuildFile; fileRef = 9F9E606F210DD0B10059DF46 /* Integrator.swift */; };
		9F9E6071210DD0B10059DF46 /* Integrator.swift in Sources */ = {isa = PBXBuildFile; fileRef = 9F9E606F210DD0B10059DF46 /* Integrator.swift */; };
		9F9E6073210DD3790059DF46 /* ProbDist-vMises-Circular.swift in Sources */ = {isa = PBXBuildFile; fileRef = 9F9E6072210DD3790059DF46 /* ProbDist-vMises-Circular.swift */; };
		9F9E6074210DD3790059DF46 /* ProbDist-vMises-Circular.swift in Sources */ = {isa = PBXBuildFile; fileRef = 9F9E6072210DD3790059DF46 /* ProbDist-vMises-Circular.swift */; };
		9FA5D0B420FCC73D009DD5CB /* DataAsString.swift in Sources */ = {isa = PBXBuildFile; fileRef = 9FA5D0B320FCC73D009DD5CB /* DataAsString.swift */; };
		9FA87188210FA47D00C4A0FF /* ProbDist-RayleighDist.swift in Sources */ = {isa = PBXBuildFile; fileRef = 9FA87187210FA47D00C4A0FF /* ProbDist-RayleighDist.swift */; };
		9FA87189210FA47D00C4A0FF /* ProbDist-RayleighDist.swift in Sources */ = {isa = PBXBuildFile; fileRef = 9FA87187210FA47D00C4A0FF /* ProbDist-RayleighDist.swift */; };
		9FAACB702108730000C031F3 /* FP-Extension.swift in Sources */ = {isa = PBXBuildFile; fileRef = 9FAACB6F2108730000C031F3 /* FP-Extension.swift */; };
		9FAACB712108730000C031F3 /* FP-Extension.swift in Sources */ = {isa = PBXBuildFile; fileRef = 9FAACB6F2108730000C031F3 /* FP-Extension.swift */; };
		9FB18A8A22B82450003D721E /* SSDeprecated.swift in Sources */ = {isa = PBXBuildFile; fileRef = 9FB18A8722B80F19003D721E /* SSDeprecated.swift */; };
		9FC118D420867ECC008860C7 /* String-Extension-Hash.swift in Sources */ = {isa = PBXBuildFile; fileRef = 9FC118D320867ECC008860C7 /* String-Extension-Hash.swift */; };
		9FC1C9772160F9E900AE4457 /* SSMath-GenericFP.swift in Sources */ = {isa = PBXBuildFile; fileRef = 9FC1C9762160F9E900AE4457 /* SSMath-GenericFP.swift */; };
		9FC1C9782160F9E900AE4457 /* SSMath-GenericFP.swift in Sources */ = {isa = PBXBuildFile; fileRef = 9FC1C9762160F9E900AE4457 /* SSMath-GenericFP.swift */; };
		9FC1FC38210A33F600F5B43B /* ProbDist-Poisson.swift in Sources */ = {isa = PBXBuildFile; fileRef = 9FC1FC37210A33F600F5B43B /* ProbDist-Poisson.swift */; };
		9FC1FC39210A33F600F5B43B /* ProbDist-Poisson.swift in Sources */ = {isa = PBXBuildFile; fileRef = 9FC1FC37210A33F600F5B43B /* ProbDist-Poisson.swift */; };
		9FC9082022BEB8160021C141 /* SSSF-Incgam-Gil_Temme_.swift in Sources */ = {isa = PBXBuildFile; fileRef = 9F4733E9214024CD0041FD58 /* SSSF-Incgam-Gil_Temme_.swift */; };
		9FC9082122BEB8160021C141 /* SSSF-Incgam-Gil_Temme_.swift in Sources */ = {isa = PBXBuildFile; fileRef = 9F4733E9214024CD0041FD58 /* SSSF-Incgam-Gil_Temme_.swift */; };
		9FCB77EC21103884002B6738 /* ProbDist-ExtremValue.swift in Sources */ = {isa = PBXBuildFile; fileRef = 9FCB77EB21103884002B6738 /* ProbDist-ExtremValue.swift */; };
		9FCB77ED21103884002B6738 /* ProbDist-ExtremValue.swift in Sources */ = {isa = PBXBuildFile; fileRef = 9FCB77EB21103884002B6738 /* ProbDist-ExtremValue.swift */; };
		9FD6663122B6BB860072FDB2 /* SSSpecialFunctions.swift in Sources */ = {isa = PBXBuildFile; fileRef = 9FD6663022B6BB860072FDB2 /* SSSpecialFunctions.swift */; };
		9FD6663222B6BB860072FDB2 /* SSSpecialFunctions.swift in Sources */ = {isa = PBXBuildFile; fileRef = 9FD6663022B6BB860072FDB2 /* SSSpecialFunctions.swift */; };
		9FD82699216FB29500AE1956 /* SSComplex.swift in Sources */ = {isa = PBXBuildFile; fileRef = 9F5D1B41216F442100F019CD /* SSComplex.swift */; };
		9FD8269A216FB29600AE1956 /* SSComplex.swift in Sources */ = {isa = PBXBuildFile; fileRef = 9F5D1B41216F442100F019CD /* SSComplex.swift */; };
		9FDEEFA9210D097200AC6FB7 /* Chebyshev.swift in Sources */ = {isa = PBXBuildFile; fileRef = 9FDEEFA8210D097200AC6FB7 /* Chebyshev.swift */; };
		9FDEEFAA210D097200AC6FB7 /* Chebyshev.swift in Sources */ = {isa = PBXBuildFile; fileRef = 9FDEEFA8210D097200AC6FB7 /* Chebyshev.swift */; };
		9FE86EC7215D19C800DD5349 /* SSSFBetaRegCF.swift in Sources */ = {isa = PBXBuildFile; fileRef = 9FE86EC6215D19C800DD5349 /* SSSFBetaRegCF.swift */; };
		9FE86EC8215D19C800DD5349 /* SSSFBetaRegCF.swift in Sources */ = {isa = PBXBuildFile; fileRef = 9FE86EC6215D19C800DD5349 /* SSSFBetaRegCF.swift */; };
		9FE86ECA215D19F000DD5349 /* SSSFGammaQCF.swift in Sources */ = {isa = PBXBuildFile; fileRef = 9FE86EC9215D19F000DD5349 /* SSSFGammaQCF.swift */; };
		9FE86ECB215D19F000DD5349 /* SSSFGammaQCF.swift in Sources */ = {isa = PBXBuildFile; fileRef = 9FE86EC9215D19F000DD5349 /* SSSFGammaQCF.swift */; };
		9FE86ED1215D1B3100DD5349 /* CodableFloat80.swift in Sources */ = {isa = PBXBuildFile; fileRef = 9F13CD20211B71D100153FC3 /* CodableFloat80.swift */; };
		9FEA826F1F76CA58005E4349 /* SwiftyStats.h in Headers */ = {isa = PBXBuildFile; fileRef = 9FEA825B1F76C9F6005E4349 /* SwiftyStats.h */; settings = {ATTRIBUTES = (Public, ); }; };
		9FEA82701F76CA76005E4349 /* SwiftyStatsTests.swift in Sources */ = {isa = PBXBuildFile; fileRef = 9FEA826B1F76CA06005E4349 /* SwiftyStatsTests.swift */; };
		9FEA82711F76CAF5005E4349 /* SSConstants.swift in Sources */ = {isa = PBXBuildFile; fileRef = 9FEA82431F76C9F6005E4349 /* SSConstants.swift */; };
		9FEA82721F76CAF5005E4349 /* SSContFrac.swift in Sources */ = {isa = PBXBuildFile; fileRef = 9FEA82441F76C9F6005E4349 /* SSContFrac.swift */; };
		9FEA82731F76CAF5005E4349 /* SSCrosstab.swift in Sources */ = {isa = PBXBuildFile; fileRef = 9FEA82451F76C9F6005E4349 /* SSCrosstab.swift */; };
		9FEA82741F76CAF5005E4349 /* SSDataFrame.swift in Sources */ = {isa = PBXBuildFile; fileRef = 9FEA82461F76C9F6005E4349 /* SSDataFrame.swift */; };
		9FEA82751F76CAF5005E4349 /* SSDataGroupSorter.swift in Sources */ = {isa = PBXBuildFile; fileRef = 9FEA82471F76C9F6005E4349 /* SSDataGroupSorter.swift */; };
		9FEA82761F76CAF5005E4349 /* SSExamine-FileManagement.swift in Sources */ = {isa = PBXBuildFile; fileRef = 9FEA82481F76C9F6005E4349 /* SSExamine-FileManagement.swift */; };
		9FEA82781F76CAF5005E4349 /* SSExamine.swift in Sources */ = {isa = PBXBuildFile; fileRef = 9FEA824A1F76C9F6005E4349 /* SSExamine.swift */; };
		9FEA82791F76CAF5005E4349 /* SSFrequencyTables.swift in Sources */ = {isa = PBXBuildFile; fileRef = 9FEA824B1F76C9F6005E4349 /* SSFrequencyTables.swift */; };
		9FEA827A1F76CAF5005E4349 /* SSHypothesisTesting-Autocorrelation.swift in Sources */ = {isa = PBXBuildFile; fileRef = 9FEA824C1F76C9F6005E4349 /* SSHypothesisTesting-Autocorrelation.swift */; };
		9FEA827B1F76CAF5005E4349 /* SSHypothesisTesting-NPAR.swift in Sources */ = {isa = PBXBuildFile; fileRef = 9FEA824D1F76C9F6005E4349 /* SSHypothesisTesting-NPAR.swift */; };
		9FEA827C1F76CAF5005E4349 /* SSHypothesisTesting-Outliers.swift in Sources */ = {isa = PBXBuildFile; fileRef = 9FEA824E1F76C9F6005E4349 /* SSHypothesisTesting-Outliers.swift */; };
		9FEA827D1F76CAF5005E4349 /* SSHypothesisTesting-Randomness.swift in Sources */ = {isa = PBXBuildFile; fileRef = 9FEA824F1F76C9F6005E4349 /* SSHypothesisTesting-Randomness.swift */; };
		9FEA827E1F76CAF5005E4349 /* SSHypothesisTesting-TTests.swift in Sources */ = {isa = PBXBuildFile; fileRef = 9FEA82501F76C9F6005E4349 /* SSHypothesisTesting-TTests.swift */; };
		9FEA827F1F76CAF5005E4349 /* SSHypothesisTesting-Variances.swift in Sources */ = {isa = PBXBuildFile; fileRef = 9FEA82511F76C9F6005E4349 /* SSHypothesisTesting-Variances.swift */; };
		9FEA82801F76CAF5005E4349 /* SSLogging.swift in Sources */ = {isa = PBXBuildFile; fileRef = 9FEA82521F76C9F6005E4349 /* SSLogging.swift */; };
		9FEA82821F76CAF5005E4349 /* SSProtocols.swift in Sources */ = {isa = PBXBuildFile; fileRef = 9FEA82541F76C9F6005E4349 /* SSProtocols.swift */; };
		9FEA82831F76CAF5005E4349 /* SSSimard-KSProb.swift in Sources */ = {isa = PBXBuildFile; fileRef = 9FEA82551F76C9F6005E4349 /* SSSimard-KSProb.swift */; };
		9FEA82841F76CAF5005E4349 /* SSSF-Gamma-Beta.swift in Sources */ = {isa = PBXBuildFile; fileRef = 9FEA82561F76C9F6005E4349 /* SSSF-Gamma-Beta.swift */; };
		9FEA82851F76CAF5005E4349 /* SSSwiftyStatsError.swift in Sources */ = {isa = PBXBuildFile; fileRef = 9FEA82571F76C9F6005E4349 /* SSSwiftyStatsError.swift */; };
		9FEA82861F76CAF5005E4349 /* SSTukey.swift in Sources */ = {isa = PBXBuildFile; fileRef = 9FEA82581F76C9F6005E4349 /* SSTukey.swift */; };
		9FEA82871F76CAF5005E4349 /* SSUtils.swift in Sources */ = {isa = PBXBuildFile; fileRef = 9FEA82591F76C9F6005E4349 /* SSUtils.swift */; };
		9FEA82881F76CAF5005E4349 /* SwiftyStats-EnumsStructs.swift in Sources */ = {isa = PBXBuildFile; fileRef = 9FEA825A1F76C9F6005E4349 /* SwiftyStats-EnumsStructs.swift */; };
		9FEA82891F76CB1D005E4349 /* SSConstants.swift in Sources */ = {isa = PBXBuildFile; fileRef = 9FEA82431F76C9F6005E4349 /* SSConstants.swift */; };
		9FEA828A1F76CB1D005E4349 /* SSContFrac.swift in Sources */ = {isa = PBXBuildFile; fileRef = 9FEA82441F76C9F6005E4349 /* SSContFrac.swift */; };
		9FEA828B1F76CB1D005E4349 /* SSCrosstab.swift in Sources */ = {isa = PBXBuildFile; fileRef = 9FEA82451F76C9F6005E4349 /* SSCrosstab.swift */; };
		9FEA828C1F76CB1D005E4349 /* SSDataFrame.swift in Sources */ = {isa = PBXBuildFile; fileRef = 9FEA82461F76C9F6005E4349 /* SSDataFrame.swift */; };
		9FEA828D1F76CB1D005E4349 /* SSDataGroupSorter.swift in Sources */ = {isa = PBXBuildFile; fileRef = 9FEA82471F76C9F6005E4349 /* SSDataGroupSorter.swift */; };
		9FEA828E1F76CB1D005E4349 /* SSExamine-FileManagement.swift in Sources */ = {isa = PBXBuildFile; fileRef = 9FEA82481F76C9F6005E4349 /* SSExamine-FileManagement.swift */; };
		9FEA82901F76CB1D005E4349 /* SSExamine.swift in Sources */ = {isa = PBXBuildFile; fileRef = 9FEA824A1F76C9F6005E4349 /* SSExamine.swift */; };
		9FEA82911F76CB1D005E4349 /* SSFrequencyTables.swift in Sources */ = {isa = PBXBuildFile; fileRef = 9FEA824B1F76C9F6005E4349 /* SSFrequencyTables.swift */; };
		9FEA82921F76CB1D005E4349 /* SSHypothesisTesting-Autocorrelation.swift in Sources */ = {isa = PBXBuildFile; fileRef = 9FEA824C1F76C9F6005E4349 /* SSHypothesisTesting-Autocorrelation.swift */; };
		9FEA82931F76CB1D005E4349 /* SSHypothesisTesting-NPAR.swift in Sources */ = {isa = PBXBuildFile; fileRef = 9FEA824D1F76C9F6005E4349 /* SSHypothesisTesting-NPAR.swift */; };
		9FEA82941F76CB1D005E4349 /* SSHypothesisTesting-Outliers.swift in Sources */ = {isa = PBXBuildFile; fileRef = 9FEA824E1F76C9F6005E4349 /* SSHypothesisTesting-Outliers.swift */; };
		9FEA82951F76CB1D005E4349 /* SSHypothesisTesting-Randomness.swift in Sources */ = {isa = PBXBuildFile; fileRef = 9FEA824F1F76C9F6005E4349 /* SSHypothesisTesting-Randomness.swift */; };
		9FEA82961F76CB1D005E4349 /* SSHypothesisTesting-TTests.swift in Sources */ = {isa = PBXBuildFile; fileRef = 9FEA82501F76C9F6005E4349 /* SSHypothesisTesting-TTests.swift */; };
		9FEA82971F76CB1D005E4349 /* SSHypothesisTesting-Variances.swift in Sources */ = {isa = PBXBuildFile; fileRef = 9FEA82511F76C9F6005E4349 /* SSHypothesisTesting-Variances.swift */; };
		9FEA82981F76CB1D005E4349 /* SSLogging.swift in Sources */ = {isa = PBXBuildFile; fileRef = 9FEA82521F76C9F6005E4349 /* SSLogging.swift */; };
		9FEA829A1F76CB1D005E4349 /* SSProtocols.swift in Sources */ = {isa = PBXBuildFile; fileRef = 9FEA82541F76C9F6005E4349 /* SSProtocols.swift */; };
		9FEA829B1F76CB1D005E4349 /* SSSimard-KSProb.swift in Sources */ = {isa = PBXBuildFile; fileRef = 9FEA82551F76C9F6005E4349 /* SSSimard-KSProb.swift */; };
		9FEA829D1F76CB1D005E4349 /* SSSwiftyStatsError.swift in Sources */ = {isa = PBXBuildFile; fileRef = 9FEA82571F76C9F6005E4349 /* SSSwiftyStatsError.swift */; };
		9FEA829E1F76CB1D005E4349 /* SSTukey.swift in Sources */ = {isa = PBXBuildFile; fileRef = 9FEA82581F76C9F6005E4349 /* SSTukey.swift */; };
		9FEA829F1F76CB1D005E4349 /* SSUtils.swift in Sources */ = {isa = PBXBuildFile; fileRef = 9FEA82591F76C9F6005E4349 /* SSUtils.swift */; };
		9FEA82A01F76CB1D005E4349 /* SwiftyStats-EnumsStructs.swift in Sources */ = {isa = PBXBuildFile; fileRef = 9FEA825A1F76C9F6005E4349 /* SwiftyStats-EnumsStructs.swift */; };
		9FEA82A11F76CB48005E4349 /* clonidine_data.swift in Sources */ = {isa = PBXBuildFile; fileRef = 9FEA825E1F76CA06005E4349 /* clonidine_data.swift */; };
		9FEA82A21F76CB48005E4349 /* LargeSet.swift in Sources */ = {isa = PBXBuildFile; fileRef = 9FEA82661F76CA06005E4349 /* LargeSet.swift */; };
		9FEA82A31F76CBD0005E4349 /* DoubleData.examine in Resources */ = {isa = PBXBuildFile; fileRef = 9FEA825F1F76CA06005E4349 /* DoubleData.examine */; };
		9FEA82A41F76CBD0005E4349 /* geardata.csv in Resources */ = {isa = PBXBuildFile; fileRef = 9FEA82601F76CA06005E4349 /* geardata.csv */; };
		9FEA82A51F76CBD0005E4349 /* IntData.examine in Resources */ = {isa = PBXBuildFile; fileRef = 9FEA82621F76CA06005E4349 /* IntData.examine */; };
		9FEA82A61F76CBD0005E4349 /* IntDataWithOutliers.examine in Resources */ = {isa = PBXBuildFile; fileRef = 9FEA82631F76CA06005E4349 /* IntDataWithOutliers.examine */; };
		9FEA82A71F76CBD0005E4349 /* largeNormal_01.examine in Resources */ = {isa = PBXBuildFile; fileRef = 9FEA82641F76CA06005E4349 /* largeNormal_01.examine */; };
		9FEA82A81F76CBD0005E4349 /* largeNormal_02.examine in Resources */ = {isa = PBXBuildFile; fileRef = 9FEA82651F76CA06005E4349 /* largeNormal_02.examine */; };
		9FEA82A91F76CBD0005E4349 /* NormalData01.examine in Resources */ = {isa = PBXBuildFile; fileRef = 9FEA82671F76CA06005E4349 /* NormalData01.examine */; };
		9FEA82AA1F76CBD0005E4349 /* NormalData02.examine in Resources */ = {isa = PBXBuildFile; fileRef = 9FEA82681F76CA06005E4349 /* NormalData02.examine */; };
		9FEA82AB1F76CBD0005E4349 /* NormalData03.examine in Resources */ = {isa = PBXBuildFile; fileRef = 9FEA82691F76CA06005E4349 /* NormalData03.examine */; };
		9FEA82AC1F76CBD0005E4349 /* RosnerData.examine in Resources */ = {isa = PBXBuildFile; fileRef = 9FEA826A1F76CA06005E4349 /* RosnerData.examine */; };
		9FEA82AD1F76CBD0005E4349 /* TukeyKramerData_01.csv in Resources */ = {isa = PBXBuildFile; fileRef = 9FEA826C1F76CA06005E4349 /* TukeyKramerData_01.csv */; };
		9FEA82AE1F76CBD0005E4349 /* TukeyKramerData_02.csv in Resources */ = {isa = PBXBuildFile; fileRef = 9FEA826D1F76CA06005E4349 /* TukeyKramerData_02.csv */; };
		9FEA82AF1F76CBD0005E4349 /* ZarrData.examine in Resources */ = {isa = PBXBuildFile; fileRef = 9FEA826E1F76CA06005E4349 /* ZarrData.examine */; };
		9FF76C2821524F740071FB65 /* Alg_838.swift in Sources */ = {isa = PBXBuildFile; fileRef = 9FF76C2721524F740071FB65 /* Alg_838.swift */; };
		9FF76C2921524F740071FB65 /* Alg_838.swift in Sources */ = {isa = PBXBuildFile; fileRef = 9FF76C2721524F740071FB65 /* Alg_838.swift */; };
/* End PBXBuildFile section */

/* Begin PBXContainerItemProxy section */
		9F82D3AE1F1E8F19001BFC9D /* PBXContainerItemProxy */ = {
			isa = PBXContainerItemProxy;
			containerPortal = 9F82D39A1F1E8F19001BFC9D /* Project object */;
			proxyType = 1;
			remoteGlobalIDString = 9F82D3A21F1E8F19001BFC9D;
			remoteInfo = SwiftyStats;
		};
/* End PBXContainerItemProxy section */

/* Begin PBXCopyFilesBuildPhase section */
		9F19FC4922B132C40042E922 /* CopyFiles */ = {
			isa = PBXCopyFilesBuildPhase;
			buildActionMask = 8;
			dstPath = "";
			dstSubfolderSpec = 10;
			files = (
			);
			runOnlyForDeploymentPostprocessing = 1;
		};
/* End PBXCopyFilesBuildPhase section */

/* Begin PBXFileReference section */
		9F0B3D9621503ACC00C4F920 /* Pearson.swift */ = {isa = PBXFileReference; lastKnownFileType = sourcecode.swift; path = Pearson.swift; sourceTree = "<group>"; };
		9F13CD20211B71D100153FC3 /* CodableFloat80.swift */ = {isa = PBXFileReference; lastKnownFileType = sourcecode.swift; path = CodableFloat80.swift; sourceTree = "<group>"; };
		9F180B7F2110AF1B007C6C1C /* SSExamine-Sn_Qn.swift */ = {isa = PBXFileReference; lastKnownFileType = sourcecode.swift; path = "SSExamine-Sn_Qn.swift"; sourceTree = "<group>"; };
		9F19FC4B22B132C40042E922 /* SwiftStatsCLTest */ = {isa = PBXFileReference; explicitFileType = "compiled.mach-o.executable"; includeInIndex = 0; path = SwiftStatsCLTest; sourceTree = BUILT_PRODUCTS_DIR; };
		9F19FC4D22B132C40042E922 /* main.swift */ = {isa = PBXFileReference; lastKnownFileType = sourcecode.swift; path = main.swift; sourceTree = "<group>"; };
		9F1A9DA222C3465600286CDB /* REFERENCES */ = {isa = PBXFileReference; lastKnownFileType = text; path = REFERENCES; sourceTree = "<group>"; };
		9F1F70EB2103A0280037DFB5 /* CHANGELOG */ = {isa = PBXFileReference; lastKnownFileType = text; name = CHANGELOG; path = ../CHANGELOG; sourceTree = "<group>"; };
		9F2EC6B0210AEF3E005AA755 /* Hypergeo.swift */ = {isa = PBXFileReference; lastKnownFileType = sourcecode.swift; path = Hypergeo.swift; sourceTree = "<group>"; };
		9F2F23AD22A989FF0014CC4C /* Array-Extension.swift */ = {isa = PBXFileReference; lastKnownFileType = sourcecode.swift; path = "Array-Extension.swift"; sourceTree = "<group>"; };
		9F368BE71F20F340004A5193 /* LICENSE */ = {isa = PBXFileReference; lastKnownFileType = text; name = LICENSE; path = ../LICENSE; sourceTree = "<group>"; };
		9F368BE81F20F340004A5193 /* README.md */ = {isa = PBXFileReference; lastKnownFileType = net.daringfireball.markdown; name = README.md; path = ../README.md; sourceTree = "<group>"; };
		9F371A3C212EAA6800BECC71 /* ProbDist-NoncentralT.swift */ = {isa = PBXFileReference; lastKnownFileType = sourcecode.swift; path = "ProbDist-NoncentralT.swift"; sourceTree = "<group>"; };
		9F3F485822B02E20005FAB3A /* index.md */ = {isa = PBXFileReference; lastKnownFileType = net.daringfireball.markdown; name = index.md; path = ../index.md; sourceTree = "<group>"; };
		9F429DBA2150F28800C27B6B /* Airy.swift */ = {isa = PBXFileReference; lastKnownFileType = sourcecode.swift; path = Airy.swift; sourceTree = "<group>"; };
		9F4733E9214024CD0041FD58 /* SSSF-Incgam-Gil_Temme_.swift */ = {isa = PBXFileReference; lastKnownFileType = sourcecode.swift; path = "SSSF-Incgam-Gil_Temme_.swift"; sourceTree = "<group>"; };
		9F4DF7BD21516C010013792A /* Airy_Constants.swift */ = {isa = PBXFileReference; lastKnownFileType = sourcecode.swift; path = Airy_Constants.swift; sourceTree = "<group>"; };
		9F500410217862B000D0A3C3 /* gammaData.swift */ = {isa = PBXFileReference; lastKnownFileType = sourcecode.swift; path = gammaData.swift; sourceTree = "<group>"; };
		9F51D34A217B3DCB00D1DE83 /* randoms.swift */ = {isa = PBXFileReference; lastKnownFileType = sourcecode.swift; path = randoms.swift; sourceTree = "<group>"; };
		9F56CEF8213D20F50048A427 /* SSSF-MarcumQ.swift */ = {isa = PBXFileReference; lastKnownFileType = sourcecode.swift; path = "SSSF-MarcumQ.swift"; sourceTree = "<group>"; };
		9F5A2A2E21690C1E004DA091 /* BesselJ0l.swift */ = {isa = PBXFileReference; lastKnownFileType = sourcecode.swift; path = BesselJ0l.swift; sourceTree = "<group>"; };
		9F5BF9EC22C77258000DEC25 /* Namespaces.swift */ = {isa = PBXFileReference; lastKnownFileType = sourcecode.swift; path = Namespaces.swift; sourceTree = "<group>"; };
		9F5D1B41216F442100F019CD /* SSComplex.swift */ = {isa = PBXFileReference; lastKnownFileType = sourcecode.swift; path = SSComplex.swift; sourceTree = "<group>"; };
		9F5FFE48212D738C00047213 /* SSSHermiteH.swift */ = {isa = PBXFileReference; lastKnownFileType = sourcecode.swift; path = SSSHermiteH.swift; sourceTree = "<group>"; };
		9F6F0D702102664C006ACA13 /* r_derived_macros.swift */ = {isa = PBXFileReference; lastKnownFileType = sourcecode.swift; path = r_derived_macros.swift; sourceTree = "<group>"; };
		9F7BEEB82170761900A3C5D9 /* SSComplexMath.swift */ = {isa = PBXFileReference; lastKnownFileType = sourcecode.swift; path = SSComplexMath.swift; sourceTree = "<group>"; };
		9F7EFB2C2101ECAF00F0F573 /* ProbDist-StudentT.swift */ = {isa = PBXFileReference; lastKnownFileType = sourcecode.swift; path = "ProbDist-StudentT.swift"; sourceTree = "<group>"; };
		9F7EFB2E2101ED2900F0F573 /* ProbDist-ChiSquare.swift */ = {isa = PBXFileReference; lastKnownFileType = sourcecode.swift; path = "ProbDist-ChiSquare.swift"; sourceTree = "<group>"; };
		9F7EFB302101EDAC00F0F573 /* ProbDist-FRatio.swift */ = {isa = PBXFileReference; lastKnownFileType = sourcecode.swift; path = "ProbDist-FRatio.swift"; sourceTree = "<group>"; };
		9F7EFB352101EE0A00F0F573 /* ProbDist-LogNormal.swift */ = {isa = PBXFileReference; lastKnownFileType = sourcecode.swift; path = "ProbDist-LogNormal.swift"; sourceTree = "<group>"; };
		9F7EFB382101EE4A00F0F573 /* ProbDist-Beta.swift */ = {isa = PBXFileReference; lastKnownFileType = sourcecode.swift; path = "ProbDist-Beta.swift"; sourceTree = "<group>"; };
		9F7EFB3B2101EE8B00F0F573 /* ProbDist-Cauchy.swift */ = {isa = PBXFileReference; lastKnownFileType = sourcecode.swift; path = "ProbDist-Cauchy.swift"; sourceTree = "<group>"; };
		9F7EFB3E2101EEB900F0F573 /* ProbDist-Laplace.swift */ = {isa = PBXFileReference; lastKnownFileType = sourcecode.swift; path = "ProbDist-Laplace.swift"; sourceTree = "<group>"; };
		9F7EFB412101EF2C00F0F573 /* ProbDist-Logistic.swift */ = {isa = PBXFileReference; lastKnownFileType = sourcecode.swift; path = "ProbDist-Logistic.swift"; sourceTree = "<group>"; };
		9F7EFB442101EF5800F0F573 /* ProbDist-Pareto.swift */ = {isa = PBXFileReference; lastKnownFileType = sourcecode.swift; path = "ProbDist-Pareto.swift"; sourceTree = "<group>"; };
		9F7EFB472101EF8E00F0F573 /* ProbDist-Exponential.swift */ = {isa = PBXFileReference; lastKnownFileType = sourcecode.swift; path = "ProbDist-Exponential.swift"; sourceTree = "<group>"; };
		9F7EFB4A2101EFC400F0F573 /* ProbDist-Wald_InverseNormal.swift */ = {isa = PBXFileReference; lastKnownFileType = sourcecode.swift; path = "ProbDist-Wald_InverseNormal.swift"; sourceTree = "<group>"; };
		9F7EFB4D2101EFFF00F0F573 /* ProbDist-Gamma.swift */ = {isa = PBXFileReference; lastKnownFileType = sourcecode.swift; path = "ProbDist-Gamma.swift"; sourceTree = "<group>"; };
		9F7EFB502101F02600F0F573 /* ProbDist-Erlang.swift */ = {isa = PBXFileReference; lastKnownFileType = sourcecode.swift; path = "ProbDist-Erlang.swift"; sourceTree = "<group>"; };
		9F7EFB532101F06300F0F573 /* ProbDist-Weibull.swift */ = {isa = PBXFileReference; lastKnownFileType = sourcecode.swift; path = "ProbDist-Weibull.swift"; sourceTree = "<group>"; };
		9F7EFB562101F08E00F0F573 /* ProbDist-Uniform.swift */ = {isa = PBXFileReference; lastKnownFileType = sourcecode.swift; path = "ProbDist-Uniform.swift"; sourceTree = "<group>"; };
		9F7EFB592101F0B300F0F573 /* ProbDist-Triangular.swift */ = {isa = PBXFileReference; lastKnownFileType = sourcecode.swift; path = "ProbDist-Triangular.swift"; sourceTree = "<group>"; };
		9F7EFB5C2101F0EF00F0F573 /* ProbDist-Binomial.swift */ = {isa = PBXFileReference; lastKnownFileType = sourcecode.swift; path = "ProbDist-Binomial.swift"; sourceTree = "<group>"; };
		9F82D3A31F1E8F19001BFC9D /* SwiftyStats.framework */ = {isa = PBXFileReference; explicitFileType = wrapper.framework; includeInIndex = 0; path = SwiftyStats.framework; sourceTree = BUILT_PRODUCTS_DIR; };
		9F82D3AC1F1E8F19001BFC9D /* SwiftyStatsTests.xctest */ = {isa = PBXFileReference; explicitFileType = wrapper.cfbundle; includeInIndex = 0; path = SwiftyStatsTests.xctest; sourceTree = BUILT_PRODUCTS_DIR; };
		9F8F5C4920FD026C00DC29F4 /* Package.swift */ = {isa = PBXFileReference; lastKnownFileType = sourcecode.swift; name = Package.swift; path = ../Package.swift; sourceTree = "<group>"; };
		9F9757DA22AE6471000AC8EF /* make_doc.sh */ = {isa = PBXFileReference; lastKnownFileType = text.script.sh; path = make_doc.sh; sourceTree = "<group>"; };
		9F979B91257E82F10064F40D /* SwiftStatsCLTest.entitlements */ = {isa = PBXFileReference; lastKnownFileType = text.plist.entitlements; path = SwiftStatsCLTest.entitlements; sourceTree = "<group>"; };
		9F9E6063210DAFE40059DF46 /* SSSF-BesselI.swift */ = {isa = PBXFileReference; lastKnownFileType = sourcecode.swift; path = "SSSF-BesselI.swift"; sourceTree = "<group>"; };
		9F9E6066210DB0230059DF46 /* SSSF-BesselJ.swift */ = {isa = PBXFileReference; lastKnownFileType = sourcecode.swift; path = "SSSF-BesselJ.swift"; sourceTree = "<group>"; };
		9F9E606C210DC2900059DF46 /* Polyeval.swift */ = {isa = PBXFileReference; lastKnownFileType = sourcecode.swift; path = Polyeval.swift; sourceTree = "<group>"; };
		9F9E606F210DD0B10059DF46 /* Integrator.swift */ = {isa = PBXFileReference; lastKnownFileType = sourcecode.swift; path = Integrator.swift; sourceTree = "<group>"; };
		9F9E6072210DD3790059DF46 /* ProbDist-vMises-Circular.swift */ = {isa = PBXFileReference; lastKnownFileType = sourcecode.swift; path = "ProbDist-vMises-Circular.swift"; sourceTree = "<group>"; };
		9FA5D0B320FCC73D009DD5CB /* DataAsString.swift */ = {isa = PBXFileReference; lastKnownFileType = sourcecode.swift; path = DataAsString.swift; sourceTree = "<group>"; };
		9FA87187210FA47D00C4A0FF /* ProbDist-RayleighDist.swift */ = {isa = PBXFileReference; lastKnownFileType = sourcecode.swift; path = "ProbDist-RayleighDist.swift"; sourceTree = "<group>"; };
		9FAACB6F2108730000C031F3 /* FP-Extension.swift */ = {isa = PBXFileReference; lastKnownFileType = sourcecode.swift; path = "FP-Extension.swift"; sourceTree = "<group>"; };
		9FB18A8722B80F19003D721E /* SSDeprecated.swift */ = {isa = PBXFileReference; lastKnownFileType = sourcecode.swift; path = SSDeprecated.swift; sourceTree = "<group>"; };
		9FC118D320867ECC008860C7 /* String-Extension-Hash.swift */ = {isa = PBXFileReference; lastKnownFileType = sourcecode.swift; path = "String-Extension-Hash.swift"; sourceTree = "<group>"; };
		9FC14C2D20A0EF3C00023BBE /* SwiftyStats.podspec */ = {isa = PBXFileReference; lastKnownFileType = text; name = SwiftyStats.podspec; path = ../SwiftyStats.podspec; sourceTree = "<group>"; };
		9FC1C9742160E84A00AE4457 /* HypergeometricPFQ.swift */ = {isa = PBXFileReference; lastKnownFileType = sourcecode.swift; path = HypergeometricPFQ.swift; sourceTree = "<group>"; };
		9FC1C9762160F9E900AE4457 /* SSMath-GenericFP.swift */ = {isa = PBXFileReference; fileEncoding = 4; lastKnownFileType = sourcecode.swift; path = "SSMath-GenericFP.swift"; sourceTree = "<group>"; };
		9FC1FC37210A33F600F5B43B /* ProbDist-Poisson.swift */ = {isa = PBXFileReference; lastKnownFileType = sourcecode.swift; path = "ProbDist-Poisson.swift"; sourceTree = "<group>"; };
		9FCB77EB21103884002B6738 /* ProbDist-ExtremValue.swift */ = {isa = PBXFileReference; lastKnownFileType = sourcecode.swift; path = "ProbDist-ExtremValue.swift"; sourceTree = "<group>"; };
		9FD6663022B6BB860072FDB2 /* SSSpecialFunctions.swift */ = {isa = PBXFileReference; lastKnownFileType = sourcecode.swift; path = SSSpecialFunctions.swift; sourceTree = "<group>"; };
		9FDEEFA8210D097200AC6FB7 /* Chebyshev.swift */ = {isa = PBXFileReference; lastKnownFileType = sourcecode.swift; path = Chebyshev.swift; sourceTree = "<group>"; };
		9FE86EC6215D19C800DD5349 /* SSSFBetaRegCF.swift */ = {isa = PBXFileReference; lastKnownFileType = sourcecode.swift; path = SSSFBetaRegCF.swift; sourceTree = "<group>"; };
		9FE86EC9215D19F000DD5349 /* SSSFGammaQCF.swift */ = {isa = PBXFileReference; lastKnownFileType = sourcecode.swift; path = SSSFGammaQCF.swift; sourceTree = "<group>"; };
		9FEA82381F76C95F005E4349 /* SwiftyStatsMobile.framework */ = {isa = PBXFileReference; explicitFileType = wrapper.framework; includeInIndex = 0; path = SwiftyStatsMobile.framework; sourceTree = BUILT_PRODUCTS_DIR; };
		9FEA82411F76C9F6005E4349 /* Info.plist */ = {isa = PBXFileReference; lastKnownFileType = text.plist.xml; path = Info.plist; sourceTree = "<group>"; };
		9FEA82421F76C9F6005E4349 /* scratch */ = {isa = PBXFileReference; lastKnownFileType = text; path = scratch; sourceTree = "<group>"; };
		9FEA82431F76C9F6005E4349 /* SSConstants.swift */ = {isa = PBXFileReference; lastKnownFileType = sourcecode.swift; path = SSConstants.swift; sourceTree = "<group>"; };
		9FEA82441F76C9F6005E4349 /* SSContFrac.swift */ = {isa = PBXFileReference; lastKnownFileType = sourcecode.swift; path = SSContFrac.swift; sourceTree = "<group>"; };
		9FEA82451F76C9F6005E4349 /* SSCrosstab.swift */ = {isa = PBXFileReference; lastKnownFileType = sourcecode.swift; path = SSCrosstab.swift; sourceTree = "<group>"; };
		9FEA82461F76C9F6005E4349 /* SSDataFrame.swift */ = {isa = PBXFileReference; lastKnownFileType = sourcecode.swift; path = SSDataFrame.swift; sourceTree = "<group>"; };
		9FEA82471F76C9F6005E4349 /* SSDataGroupSorter.swift */ = {isa = PBXFileReference; lastKnownFileType = sourcecode.swift; path = SSDataGroupSorter.swift; sourceTree = "<group>"; };
		9FEA82481F76C9F6005E4349 /* SSExamine-FileManagement.swift */ = {isa = PBXFileReference; lastKnownFileType = sourcecode.swift; path = "SSExamine-FileManagement.swift"; sourceTree = "<group>"; };
		9FEA82491F76C9F6005E4349 /* SSExamine-Stats.swift */ = {isa = PBXFileReference; lastKnownFileType = sourcecode.swift; path = "SSExamine-Stats.swift"; sourceTree = "<group>"; };
		9FEA824A1F76C9F6005E4349 /* SSExamine.swift */ = {isa = PBXFileReference; lastKnownFileType = sourcecode.swift; path = SSExamine.swift; sourceTree = "<group>"; };
		9FEA824B1F76C9F6005E4349 /* SSFrequencyTables.swift */ = {isa = PBXFileReference; lastKnownFileType = sourcecode.swift; path = SSFrequencyTables.swift; sourceTree = "<group>"; };
		9FEA824C1F76C9F6005E4349 /* SSHypothesisTesting-Autocorrelation.swift */ = {isa = PBXFileReference; lastKnownFileType = sourcecode.swift; path = "SSHypothesisTesting-Autocorrelation.swift"; sourceTree = "<group>"; };
		9FEA824D1F76C9F6005E4349 /* SSHypothesisTesting-NPAR.swift */ = {isa = PBXFileReference; lastKnownFileType = sourcecode.swift; path = "SSHypothesisTesting-NPAR.swift"; sourceTree = "<group>"; };
		9FEA824E1F76C9F6005E4349 /* SSHypothesisTesting-Outliers.swift */ = {isa = PBXFileReference; lastKnownFileType = sourcecode.swift; path = "SSHypothesisTesting-Outliers.swift"; sourceTree = "<group>"; };
		9FEA824F1F76C9F6005E4349 /* SSHypothesisTesting-Randomness.swift */ = {isa = PBXFileReference; lastKnownFileType = sourcecode.swift; path = "SSHypothesisTesting-Randomness.swift"; sourceTree = "<group>"; };
		9FEA82501F76C9F6005E4349 /* SSHypothesisTesting-TTests.swift */ = {isa = PBXFileReference; lastKnownFileType = sourcecode.swift; path = "SSHypothesisTesting-TTests.swift"; sourceTree = "<group>"; };
		9FEA82511F76C9F6005E4349 /* SSHypothesisTesting-Variances.swift */ = {isa = PBXFileReference; lastKnownFileType = sourcecode.swift; path = "SSHypothesisTesting-Variances.swift"; sourceTree = "<group>"; };
		9FEA82521F76C9F6005E4349 /* SSLogging.swift */ = {isa = PBXFileReference; lastKnownFileType = sourcecode.swift; path = SSLogging.swift; sourceTree = "<group>"; };
		9FEA82531F76C9F6005E4349 /* ProbDist-Gaussian.swift */ = {isa = PBXFileReference; lastKnownFileType = sourcecode.swift; path = "ProbDist-Gaussian.swift"; sourceTree = "<group>"; };
		9FEA82541F76C9F6005E4349 /* SSProtocols.swift */ = {isa = PBXFileReference; lastKnownFileType = sourcecode.swift; path = SSProtocols.swift; sourceTree = "<group>"; };
		9FEA82551F76C9F6005E4349 /* SSSimard-KSProb.swift */ = {isa = PBXFileReference; lastKnownFileType = sourcecode.swift; path = "SSSimard-KSProb.swift"; sourceTree = "<group>"; };
		9FEA82561F76C9F6005E4349 /* SSSF-Gamma-Beta.swift */ = {isa = PBXFileReference; lastKnownFileType = sourcecode.swift; path = "SSSF-Gamma-Beta.swift"; sourceTree = "<group>"; };
		9FEA82571F76C9F6005E4349 /* SSSwiftyStatsError.swift */ = {isa = PBXFileReference; lastKnownFileType = sourcecode.swift; path = SSSwiftyStatsError.swift; sourceTree = "<group>"; };
		9FEA82581F76C9F6005E4349 /* SSTukey.swift */ = {isa = PBXFileReference; lastKnownFileType = sourcecode.swift; path = SSTukey.swift; sourceTree = "<group>"; };
		9FEA82591F76C9F6005E4349 /* SSUtils.swift */ = {isa = PBXFileReference; lastKnownFileType = sourcecode.swift; path = SSUtils.swift; sourceTree = "<group>"; };
		9FEA825A1F76C9F6005E4349 /* SwiftyStats-EnumsStructs.swift */ = {isa = PBXFileReference; lastKnownFileType = sourcecode.swift; path = "SwiftyStats-EnumsStructs.swift"; sourceTree = "<group>"; };
		9FEA825B1F76C9F6005E4349 /* SwiftyStats.h */ = {isa = PBXFileReference; lastKnownFileType = sourcecode.c.h; path = SwiftyStats.h; sourceTree = "<group>"; };
		9FEA825C1F76C9F6005E4349 /* TODO */ = {isa = PBXFileReference; lastKnownFileType = text; path = TODO; sourceTree = "<group>"; };
		9FEA825E1F76CA06005E4349 /* clonidine_data.swift */ = {isa = PBXFileReference; lastKnownFileType = sourcecode.swift; path = clonidine_data.swift; sourceTree = "<group>"; };
		9FEA825F1F76CA06005E4349 /* DoubleData.examine */ = {isa = PBXFileReference; lastKnownFileType = text; path = DoubleData.examine; sourceTree = "<group>"; };
		9FEA82601F76CA06005E4349 /* geardata.csv */ = {isa = PBXFileReference; lastKnownFileType = text; path = geardata.csv; sourceTree = "<group>"; };
		9FEA82611F76CA06005E4349 /* Info.plist */ = {isa = PBXFileReference; lastKnownFileType = text.plist.xml; path = Info.plist; sourceTree = "<group>"; };
		9FEA82621F76CA06005E4349 /* IntData.examine */ = {isa = PBXFileReference; lastKnownFileType = text; path = IntData.examine; sourceTree = "<group>"; };
		9FEA82631F76CA06005E4349 /* IntDataWithOutliers.examine */ = {isa = PBXFileReference; lastKnownFileType = text; path = IntDataWithOutliers.examine; sourceTree = "<group>"; };
		9FEA82641F76CA06005E4349 /* largeNormal_01.examine */ = {isa = PBXFileReference; lastKnownFileType = text; path = largeNormal_01.examine; sourceTree = "<group>"; };
		9FEA82651F76CA06005E4349 /* largeNormal_02.examine */ = {isa = PBXFileReference; lastKnownFileType = text; path = largeNormal_02.examine; sourceTree = "<group>"; };
		9FEA82661F76CA06005E4349 /* LargeSet.swift */ = {isa = PBXFileReference; lastKnownFileType = sourcecode.swift; path = LargeSet.swift; sourceTree = "<group>"; };
		9FEA82671F76CA06005E4349 /* NormalData01.examine */ = {isa = PBXFileReference; lastKnownFileType = text; path = NormalData01.examine; sourceTree = "<group>"; };
		9FEA82681F76CA06005E4349 /* NormalData02.examine */ = {isa = PBXFileReference; lastKnownFileType = text; path = NormalData02.examine; sourceTree = "<group>"; };
		9FEA82691F76CA06005E4349 /* NormalData03.examine */ = {isa = PBXFileReference; lastKnownFileType = text; path = NormalData03.examine; sourceTree = "<group>"; };
		9FEA826A1F76CA06005E4349 /* RosnerData.examine */ = {isa = PBXFileReference; lastKnownFileType = text; path = RosnerData.examine; sourceTree = "<group>"; };
		9FEA826B1F76CA06005E4349 /* SwiftyStatsTests.swift */ = {isa = PBXFileReference; lastKnownFileType = sourcecode.swift; path = SwiftyStatsTests.swift; sourceTree = "<group>"; };
		9FEA826C1F76CA06005E4349 /* TukeyKramerData_01.csv */ = {isa = PBXFileReference; lastKnownFileType = text; path = TukeyKramerData_01.csv; sourceTree = "<group>"; };
		9FEA826D1F76CA06005E4349 /* TukeyKramerData_02.csv */ = {isa = PBXFileReference; lastKnownFileType = text; path = TukeyKramerData_02.csv; sourceTree = "<group>"; };
		9FEA826E1F76CA06005E4349 /* ZarrData.examine */ = {isa = PBXFileReference; lastKnownFileType = text; path = ZarrData.examine; sourceTree = "<group>"; };
		9FF596BC2150E6C600DE7E75 /* besselJy.swift */ = {isa = PBXFileReference; lastKnownFileType = sourcecode.swift; path = besselJy.swift; sourceTree = "<group>"; };
		9FF76C2721524F740071FB65 /* Alg_838.swift */ = {isa = PBXFileReference; lastKnownFileType = sourcecode.swift; path = Alg_838.swift; sourceTree = "<group>"; };
/* End PBXFileReference section */

/* Begin PBXFrameworksBuildPhase section */
		9F19FC4822B132C40042E922 /* Frameworks */ = {
			isa = PBXFrameworksBuildPhase;
			buildActionMask = 2147483647;
			files = (
				9F19FC5222B132EA0042E922 /* SwiftyStats.framework in Frameworks */,
			);
			runOnlyForDeploymentPostprocessing = 0;
		};
		9F82D39F1F1E8F19001BFC9D /* Frameworks */ = {
			isa = PBXFrameworksBuildPhase;
			buildActionMask = 2147483647;
			files = (
			);
			runOnlyForDeploymentPostprocessing = 0;
		};
		9F82D3A91F1E8F19001BFC9D /* Frameworks */ = {
			isa = PBXFrameworksBuildPhase;
			buildActionMask = 2147483647;
			files = (
				9F82D3AD1F1E8F19001BFC9D /* SwiftyStats.framework in Frameworks */,
			);
			runOnlyForDeploymentPostprocessing = 0;
		};
		9FEA82341F76C95F005E4349 /* Frameworks */ = {
			isa = PBXFrameworksBuildPhase;
			buildActionMask = 2147483647;
			files = (
			);
			runOnlyForDeploymentPostprocessing = 0;
		};
/* End PBXFrameworksBuildPhase section */

/* Begin PBXGroup section */
		9F19FC4C22B132C40042E922 /* SwiftStatsCLTest */ = {
			isa = PBXGroup;
			children = (
				9F979B91257E82F10064F40D /* SwiftStatsCLTest.entitlements */,
				9F19FC4D22B132C40042E922 /* main.swift */,
			);
			path = SwiftStatsCLTest;
			sourceTree = "<group>";
		};
		9F4733E8214021E30041FD58 /* MarcumQ */ = {
			isa = PBXGroup;
			children = (
				9F56CEF8213D20F50048A427 /* SSSF-MarcumQ.swift */,
				9F4733E9214024CD0041FD58 /* SSSF-Incgam-Gil_Temme_.swift */,
			);
			path = MarcumQ;
			sourceTree = "<group>";
		};
		9F4DF7BC21516BE20013792A /* Airy */ = {
			isa = PBXGroup;
			children = (
				9F429DBA2150F28800C27B6B /* Airy.swift */,
				9F4DF7BD21516C010013792A /* Airy_Constants.swift */,
				9FF76C2721524F740071FB65 /* Alg_838.swift */,
			);
			path = Airy;
			sourceTree = "<group>";
		};
		9F7EFB5F2101F16400F0F573 /* ProbDist */ = {
			isa = PBXGroup;
			children = (
				9F7EFB2C2101ECAF00F0F573 /* ProbDist-StudentT.swift */,
				9F9E6072210DD3790059DF46 /* ProbDist-vMises-Circular.swift */,
				9F7EFB2E2101ED2900F0F573 /* ProbDist-ChiSquare.swift */,
				9F7EFB302101EDAC00F0F573 /* ProbDist-FRatio.swift */,
				9F7EFB352101EE0A00F0F573 /* ProbDist-LogNormal.swift */,
				9F7EFB382101EE4A00F0F573 /* ProbDist-Beta.swift */,
				9F7EFB3B2101EE8B00F0F573 /* ProbDist-Cauchy.swift */,
				9F7EFB3E2101EEB900F0F573 /* ProbDist-Laplace.swift */,
				9F7EFB412101EF2C00F0F573 /* ProbDist-Logistic.swift */,
				9F7EFB442101EF5800F0F573 /* ProbDist-Pareto.swift */,
				9F7EFB472101EF8E00F0F573 /* ProbDist-Exponential.swift */,
				9F7EFB4A2101EFC400F0F573 /* ProbDist-Wald_InverseNormal.swift */,
				9F7EFB4D2101EFFF00F0F573 /* ProbDist-Gamma.swift */,
				9F7EFB502101F02600F0F573 /* ProbDist-Erlang.swift */,
				9F7EFB532101F06300F0F573 /* ProbDist-Weibull.swift */,
				9F7EFB562101F08E00F0F573 /* ProbDist-Uniform.swift */,
				9F7EFB592101F0B300F0F573 /* ProbDist-Triangular.swift */,
				9F7EFB5C2101F0EF00F0F573 /* ProbDist-Binomial.swift */,
				9FEA82531F76C9F6005E4349 /* ProbDist-Gaussian.swift */,
				9FC1FC37210A33F600F5B43B /* ProbDist-Poisson.swift */,
				9FA87187210FA47D00C4A0FF /* ProbDist-RayleighDist.swift */,
				9FCB77EB21103884002B6738 /* ProbDist-ExtremValue.swift */,
				9F371A3C212EAA6800BECC71 /* ProbDist-NoncentralT.swift */,
			);
			path = ProbDist;
			sourceTree = "<group>";
		};
		9F7EFB602101F17900F0F573 /* Shared */ = {
			isa = PBXGroup;
			children = (
				9FE86ED2215D1B3500DD5349 /* Math */,
				9FE86ED0215D1AE000DD5349 /* Extensions */,
				9FE86ECF215D1ACF00DD5349 /* EnumsStructsProtConst */,
				9FE86ECC215D1A3200DD5349 /* StatUtils */,
				9FEA82521F76C9F6005E4349 /* SSLogging.swift */,
			);
			path = Shared;
			sourceTree = "<group>";
		};
		9F7EFB612101F22200F0F573 /* HypothesisTesting */ = {
			isa = PBXGroup;
			children = (
				9FEA824C1F76C9F6005E4349 /* SSHypothesisTesting-Autocorrelation.swift */,
				9FEA824D1F76C9F6005E4349 /* SSHypothesisTesting-NPAR.swift */,
				9FEA824E1F76C9F6005E4349 /* SSHypothesisTesting-Outliers.swift */,
				9FEA824F1F76C9F6005E4349 /* SSHypothesisTesting-Randomness.swift */,
				9FEA82501F76C9F6005E4349 /* SSHypothesisTesting-TTests.swift */,
				9FEA82511F76C9F6005E4349 /* SSHypothesisTesting-Variances.swift */,
			);
			path = HypothesisTesting;
			sourceTree = "<group>";
		};
		9F82D3991F1E8F19001BFC9D = {
			isa = PBXGroup;
			children = (
				9FB18A8622B80800003D721E /* Experimental Sources */,
				9F9757DA22AE6471000AC8EF /* make_doc.sh */,
				9F3F485822B02E20005FAB3A /* index.md */,
				9F1F70EB2103A0280037DFB5 /* CHANGELOG */,
				9F8F5C4920FD026C00DC29F4 /* Package.swift */,
				9FC14C2D20A0EF3C00023BBE /* SwiftyStats.podspec */,
				9FEA825C1F76C9F6005E4349 /* TODO */,
				9FEA82411F76C9F6005E4349 /* Info.plist */,
				9FEA82421F76C9F6005E4349 /* scratch */,
				9F368BE71F20F340004A5193 /* LICENSE */,
				9F1A9DA222C3465600286CDB /* REFERENCES */,
				9F368BE81F20F340004A5193 /* README.md */,
				9FEA82401F76C9F6005E4349 /* CommonSource */,
				9F95476F20FFA996002F1E76 /* Resources */,
				9FEA825D1F76CA06005E4349 /* CommonTests */,
				9F19FC4C22B132C40042E922 /* SwiftStatsCLTest */,
				9F82D3A41F1E8F19001BFC9D /* Products */,
				9FBB8AAC1F76D76500ED8755 /* Frameworks */,
			);
			sourceTree = "<group>";
		};
		9F82D3A41F1E8F19001BFC9D /* Products */ = {
			isa = PBXGroup;
			children = (
				9F82D3A31F1E8F19001BFC9D /* SwiftyStats.framework */,
				9F82D3AC1F1E8F19001BFC9D /* SwiftyStatsTests.xctest */,
				9FEA82381F76C95F005E4349 /* SwiftyStatsMobile.framework */,
				9F19FC4B22B132C40042E922 /* SwiftStatsCLTest */,
			);
			name = Products;
			sourceTree = "<group>";
		};
		9F95476F20FFA996002F1E76 /* Resources */ = {
			isa = PBXGroup;
			children = (
				9FEA825F1F76CA06005E4349 /* DoubleData.examine */,
				9FEA82601F76CA06005E4349 /* geardata.csv */,
				9FEA82621F76CA06005E4349 /* IntData.examine */,
				9FEA82631F76CA06005E4349 /* IntDataWithOutliers.examine */,
				9FEA82641F76CA06005E4349 /* largeNormal_01.examine */,
				9FEA82651F76CA06005E4349 /* largeNormal_02.examine */,
				9FEA82671F76CA06005E4349 /* NormalData01.examine */,
				9FEA82681F76CA06005E4349 /* NormalData02.examine */,
				9FEA82691F76CA06005E4349 /* NormalData03.examine */,
				9FEA826A1F76CA06005E4349 /* RosnerData.examine */,
				9FEA826C1F76CA06005E4349 /* TukeyKramerData_01.csv */,
				9FEA826D1F76CA06005E4349 /* TukeyKramerData_02.csv */,
				9FEA826E1F76CA06005E4349 /* ZarrData.examine */,
			);
			path = Resources;
			sourceTree = "<group>";
		};
		9FB055BA22BFF6FB00DD6170 /* Examine */ = {
			isa = PBXGroup;
			children = (
				9FEA824A1F76C9F6005E4349 /* SSExamine.swift */,
				9FEA824B1F76C9F6005E4349 /* SSFrequencyTables.swift */,
				9FEA82481F76C9F6005E4349 /* SSExamine-FileManagement.swift */,
				9FEA82491F76C9F6005E4349 /* SSExamine-Stats.swift */,
				9F180B7F2110AF1B007C6C1C /* SSExamine-Sn_Qn.swift */,
			);
			path = Examine;
			sourceTree = "<group>";
		};
		9FB055BB22BFF72C00DD6170 /* Crosstab */ = {
			isa = PBXGroup;
			children = (
				9FEA82451F76C9F6005E4349 /* SSCrosstab.swift */,
			);
			path = Crosstab;
			sourceTree = "<group>";
		};
		9FB055BC22BFF73600DD6170 /* DataFrame */ = {
			isa = PBXGroup;
			children = (
				9FEA82461F76C9F6005E4349 /* SSDataFrame.swift */,
			);
			path = DataFrame;
			sourceTree = "<group>";
		};
		9FB055BD22BFF74A00DD6170 /* DEPRECATIONS */ = {
			isa = PBXGroup;
			children = (
				9FB18A8722B80F19003D721E /* SSDeprecated.swift */,
			);
			path = DEPRECATIONS;
			sourceTree = "<group>";
		};
		9FB18A8622B80800003D721E /* Experimental Sources */ = {
			isa = PBXGroup;
			children = (
				9FF596BC2150E6C600DE7E75 /* besselJy.swift */,
				9F5A2A2E21690C1E004DA091 /* BesselJ0l.swift */,
				9F0B3D9621503ACC00C4F920 /* Pearson.swift */,
			);
			path = "Experimental Sources";
			sourceTree = "<group>";
		};
		9FBB8AAC1F76D76500ED8755 /* Frameworks */ = {
			isa = PBXGroup;
			children = (
			);
			name = Frameworks;
			sourceTree = "<group>";
		};
		9FE86EC2215D193300DD5349 /* SpecialFunctions */ = {
			isa = PBXGroup;
			children = (
				9FD6663022B6BB860072FDB2 /* SSSpecialFunctions.swift */,
				9FE86ECE215D1A9D00DD5349 /* HermiteH */,
				9FE86ECD215D1A4E00DD5349 /* Hypergeo */,
				9FE86EC5215D198900DD5349 /* ContFrac */,
				9FE86EC4215D196400DD5349 /* Bessel */,
				9FE86EC3215D195400DD5349 /* Gamma_Beta */,
				9F4733E8214021E30041FD58 /* MarcumQ */,
				9F4DF7BC21516BE20013792A /* Airy */,
			);
			path = SpecialFunctions;
			sourceTree = "<group>";
		};
		9FE86EC3215D195400DD5349 /* Gamma_Beta */ = {
			isa = PBXGroup;
			children = (
				9FEA82561F76C9F6005E4349 /* SSSF-Gamma-Beta.swift */,
				9FE86EC6215D19C800DD5349 /* SSSFBetaRegCF.swift */,
				9FE86EC9215D19F000DD5349 /* SSSFGammaQCF.swift */,
			);
			path = Gamma_Beta;
			sourceTree = "<group>";
		};
		9FE86EC4215D196400DD5349 /* Bessel */ = {
			isa = PBXGroup;
			children = (
				9FDEEFA8210D097200AC6FB7 /* Chebyshev.swift */,
				9F9E606C210DC2900059DF46 /* Polyeval.swift */,
				9F9E6063210DAFE40059DF46 /* SSSF-BesselI.swift */,
				9F9E6066210DB0230059DF46 /* SSSF-BesselJ.swift */,
			);
			path = Bessel;
			sourceTree = "<group>";
		};
		9FE86EC5215D198900DD5349 /* ContFrac */ = {
			isa = PBXGroup;
			children = (
				9FEA82441F76C9F6005E4349 /* SSContFrac.swift */,
			);
			path = ContFrac;
			sourceTree = "<group>";
		};
		9FE86ECC215D1A3200DD5349 /* StatUtils */ = {
			isa = PBXGroup;
			children = (
				9FEA82551F76C9F6005E4349 /* SSSimard-KSProb.swift */,
				9FEA82571F76C9F6005E4349 /* SSSwiftyStatsError.swift */,
				9FEA82581F76C9F6005E4349 /* SSTukey.swift */,
				9F6F0D702102664C006ACA13 /* r_derived_macros.swift */,
				9FEA82471F76C9F6005E4349 /* SSDataGroupSorter.swift */,
			);
			path = StatUtils;
			sourceTree = "<group>";
		};
		9FE86ECD215D1A4E00DD5349 /* Hypergeo */ = {
			isa = PBXGroup;
			children = (
				9F2EC6B0210AEF3E005AA755 /* Hypergeo.swift */,
				9FC1C9742160E84A00AE4457 /* HypergeometricPFQ.swift */,
			);
			path = Hypergeo;
			sourceTree = "<group>";
		};
		9FE86ECE215D1A9D00DD5349 /* HermiteH */ = {
			isa = PBXGroup;
			children = (
				9F5FFE48212D738C00047213 /* SSSHermiteH.swift */,
			);
			path = HermiteH;
			sourceTree = "<group>";
		};
		9FE86ECF215D1ACF00DD5349 /* EnumsStructsProtConst */ = {
			isa = PBXGroup;
			children = (
				9FEA82431F76C9F6005E4349 /* SSConstants.swift */,
				9FEA82541F76C9F6005E4349 /* SSProtocols.swift */,
				9FEA825A1F76C9F6005E4349 /* SwiftyStats-EnumsStructs.swift */,
			);
			path = EnumsStructsProtConst;
			sourceTree = "<group>";
		};
		9FE86ED0215D1AE000DD5349 /* Extensions */ = {
			isa = PBXGroup;
			children = (
				9F13CD20211B71D100153FC3 /* CodableFloat80.swift */,
				9FC118D320867ECC008860C7 /* String-Extension-Hash.swift */,
				9FAACB6F2108730000C031F3 /* FP-Extension.swift */,
				9F2F23AD22A989FF0014CC4C /* Array-Extension.swift */,
			);
			path = Extensions;
			sourceTree = "<group>";
		};
		9FE86ED2215D1B3500DD5349 /* Math */ = {
			isa = PBXGroup;
			children = (
				9FEA82591F76C9F6005E4349 /* SSUtils.swift */,
				9FC1C9762160F9E900AE4457 /* SSMath-GenericFP.swift */,
				9F9E606F210DD0B10059DF46 /* Integrator.swift */,
				9F5D1B41216F442100F019CD /* SSComplex.swift */,
				9F7BEEB82170761900A3C5D9 /* SSComplexMath.swift */,
			);
			path = Math;
			sourceTree = "<group>";
		};
		9FEA82401F76C9F6005E4349 /* CommonSource */ = {
			isa = PBXGroup;
			children = (
				9F5BF9EC22C77258000DEC25 /* Namespaces.swift */,
				9F7EFB612101F22200F0F573 /* HypothesisTesting */,
				9FE86EC2215D193300DD5349 /* SpecialFunctions */,
				9F7EFB602101F17900F0F573 /* Shared */,
				9F7EFB5F2101F16400F0F573 /* ProbDist */,
				9FB055BA22BFF6FB00DD6170 /* Examine */,
				9FB055BB22BFF72C00DD6170 /* Crosstab */,
				9FB055BC22BFF73600DD6170 /* DataFrame */,
				9FEA825B1F76C9F6005E4349 /* SwiftyStats.h */,
				9FB055BD22BFF74A00DD6170 /* DEPRECATIONS */,
			);
			path = CommonSource;
			sourceTree = "<group>";
		};
		9FEA825D1F76CA06005E4349 /* CommonTests */ = {
			isa = PBXGroup;
			children = (
				9FEA825E1F76CA06005E4349 /* clonidine_data.swift */,
				9FEA82611F76CA06005E4349 /* Info.plist */,
				9FEA82661F76CA06005E4349 /* LargeSet.swift */,
				9FEA826B1F76CA06005E4349 /* SwiftyStatsTests.swift */,
				9FA5D0B320FCC73D009DD5CB /* DataAsString.swift */,
				9F500410217862B000D0A3C3 /* gammaData.swift */,
				9F51D34A217B3DCB00D1DE83 /* randoms.swift */,
			);
			path = CommonTests;
			sourceTree = "<group>";
		};
/* End PBXGroup section */

/* Begin PBXHeadersBuildPhase section */
		9F82D3A01F1E8F19001BFC9D /* Headers */ = {
			isa = PBXHeadersBuildPhase;
			buildActionMask = 2147483647;
			files = (
				9FEA826F1F76CA58005E4349 /* SwiftyStats.h in Headers */,
			);
			runOnlyForDeploymentPostprocessing = 0;
		};
		9FEA82351F76C95F005E4349 /* Headers */ = {
			isa = PBXHeadersBuildPhase;
			buildActionMask = 2147483647;
			files = (
			);
			runOnlyForDeploymentPostprocessing = 0;
		};
/* End PBXHeadersBuildPhase section */

/* Begin PBXNativeTarget section */
		9F19FC4A22B132C40042E922 /* SwiftStatsCLTest */ = {
			isa = PBXNativeTarget;
			buildConfigurationList = 9F19FC4F22B132C40042E922 /* Build configuration list for PBXNativeTarget "SwiftStatsCLTest" */;
			buildPhases = (
				9F19FC4722B132C40042E922 /* Sources */,
				9F19FC4822B132C40042E922 /* Frameworks */,
				9F19FC4922B132C40042E922 /* CopyFiles */,
			);
			buildRules = (
			);
			dependencies = (
			);
			name = SwiftStatsCLTest;
			productName = SwiftStatsCLTest;
			productReference = 9F19FC4B22B132C40042E922 /* SwiftStatsCLTest */;
			productType = "com.apple.product-type.tool";
		};
		9F82D3A21F1E8F19001BFC9D /* SwiftyStats */ = {
			isa = PBXNativeTarget;
			buildConfigurationList = 9F82D3B71F1E8F19001BFC9D /* Build configuration list for PBXNativeTarget "SwiftyStats" */;
			buildPhases = (
				9F82D39E1F1E8F19001BFC9D /* Sources */,
				9F82D39F1F1E8F19001BFC9D /* Frameworks */,
				9F82D3A01F1E8F19001BFC9D /* Headers */,
				9F82D3A11F1E8F19001BFC9D /* Resources */,
			);
			buildRules = (
			);
			dependencies = (
			);
			name = SwiftyStats;
			productName = SwiftyStats;
			productReference = 9F82D3A31F1E8F19001BFC9D /* SwiftyStats.framework */;
			productType = "com.apple.product-type.framework";
		};
		9F82D3AB1F1E8F19001BFC9D /* SwiftyStatsTests */ = {
			isa = PBXNativeTarget;
			buildConfigurationList = 9F82D3BA1F1E8F19001BFC9D /* Build configuration list for PBXNativeTarget "SwiftyStatsTests" */;
			buildPhases = (
				9F9757DB22AE655A000AC8EF /* ShellScript */,
				9F82D3A81F1E8F19001BFC9D /* Sources */,
				9F82D3A91F1E8F19001BFC9D /* Frameworks */,
				9F82D3AA1F1E8F19001BFC9D /* Resources */,
			);
			buildRules = (
			);
			dependencies = (
				9F82D3AF1F1E8F19001BFC9D /* PBXTargetDependency */,
			);
			name = SwiftyStatsTests;
			productName = SwiftyStatsTests;
			productReference = 9F82D3AC1F1E8F19001BFC9D /* SwiftyStatsTests.xctest */;
			productType = "com.apple.product-type.bundle.unit-test";
		};
		9FEA82371F76C95F005E4349 /* SwiftyStatsMobile */ = {
			isa = PBXNativeTarget;
			buildConfigurationList = 9FEA823D1F76C95F005E4349 /* Build configuration list for PBXNativeTarget "SwiftyStatsMobile" */;
			buildPhases = (
				9FEA82331F76C95F005E4349 /* Sources */,
				9FEA82341F76C95F005E4349 /* Frameworks */,
				9FEA82351F76C95F005E4349 /* Headers */,
				9FEA82361F76C95F005E4349 /* Resources */,
			);
			buildRules = (
			);
			dependencies = (
			);
			name = SwiftyStatsMobile;
			productName = SwiftyStatsMobile;
			productReference = 9FEA82381F76C95F005E4349 /* SwiftyStatsMobile.framework */;
			productType = "com.apple.product-type.framework";
		};
/* End PBXNativeTarget section */

/* Begin PBXProject section */
		9F82D39A1F1E8F19001BFC9D /* Project object */ = {
			isa = PBXProject;
			attributes = {
				LastSwiftUpdateCheck = 1020;
				LastUpgradeCheck = 1220;
				ORGANIZATIONNAME = VTSoftware;
				TargetAttributes = {
					9F19FC4A22B132C40042E922 = {
						CreatedOnToolsVersion = 10.2.1;
						DevelopmentTeam = 8K3X84P22H;
						ProvisioningStyle = Automatic;
					};
					9F82D3A21F1E8F19001BFC9D = {
						CreatedOnToolsVersion = 8.3.3;
						DevelopmentTeam = 8K3X84P22H;
						LastSwiftMigration = 0940;
						ProvisioningStyle = Automatic;
					};
					9F82D3AB1F1E8F19001BFC9D = {
						CreatedOnToolsVersion = 8.3.3;
						DevelopmentTeam = 8K3X84P22H;
						LastSwiftMigration = 1020;
						ProvisioningStyle = Automatic;
					};
					9FEA82371F76C95F005E4349 = {
						CreatedOnToolsVersion = 9.0;
						DevelopmentTeam = 8K3X84P22H;
						LastSwiftMigration = 1020;
						ProvisioningStyle = Automatic;
					};
				};
			};
			buildConfigurationList = 9F82D39D1F1E8F19001BFC9D /* Build configuration list for PBXProject "SwiftyStats" */;
			compatibilityVersion = "Xcode 3.2";
			developmentRegion = en;
			hasScannedForEncodings = 0;
			knownRegions = (
				en,
				Base,
			);
			mainGroup = 9F82D3991F1E8F19001BFC9D;
			productRefGroup = 9F82D3A41F1E8F19001BFC9D /* Products */;
			projectDirPath = "";
			projectRoot = "";
			targets = (
				9F82D3A21F1E8F19001BFC9D /* SwiftyStats */,
				9F82D3AB1F1E8F19001BFC9D /* SwiftyStatsTests */,
				9FEA82371F76C95F005E4349 /* SwiftyStatsMobile */,
				9F19FC4A22B132C40042E922 /* SwiftStatsCLTest */,
			);
		};
/* End PBXProject section */

/* Begin PBXResourcesBuildPhase section */
		9F82D3A11F1E8F19001BFC9D /* Resources */ = {
			isa = PBXResourcesBuildPhase;
			buildActionMask = 2147483647;
			files = (
				9F1F70EC2103A0280037DFB5 /* CHANGELOG in Resources */,
			);
			runOnlyForDeploymentPostprocessing = 0;
		};
		9F82D3AA1F1E8F19001BFC9D /* Resources */ = {
			isa = PBXResourcesBuildPhase;
			buildActionMask = 2147483647;
			files = (
				9FEA82A31F76CBD0005E4349 /* DoubleData.examine in Resources */,
				9FEA82A41F76CBD0005E4349 /* geardata.csv in Resources */,
				9FEA82A51F76CBD0005E4349 /* IntData.examine in Resources */,
				9FEA82A61F76CBD0005E4349 /* IntDataWithOutliers.examine in Resources */,
				9FEA82A71F76CBD0005E4349 /* largeNormal_01.examine in Resources */,
				9FEA82A81F76CBD0005E4349 /* largeNormal_02.examine in Resources */,
				9FEA82A91F76CBD0005E4349 /* NormalData01.examine in Resources */,
				9FEA82AA1F76CBD0005E4349 /* NormalData02.examine in Resources */,
				9FEA82AB1F76CBD0005E4349 /* NormalData03.examine in Resources */,
				9FEA82AC1F76CBD0005E4349 /* RosnerData.examine in Resources */,
				9FEA82AD1F76CBD0005E4349 /* TukeyKramerData_01.csv in Resources */,
				9FEA82AE1F76CBD0005E4349 /* TukeyKramerData_02.csv in Resources */,
				9FEA82AF1F76CBD0005E4349 /* ZarrData.examine in Resources */,
			);
			runOnlyForDeploymentPostprocessing = 0;
		};
		9FEA82361F76C95F005E4349 /* Resources */ = {
			isa = PBXResourcesBuildPhase;
			buildActionMask = 2147483647;
			files = (
			);
			runOnlyForDeploymentPostprocessing = 0;
		};
/* End PBXResourcesBuildPhase section */

/* Begin PBXShellScriptBuildPhase section */
		9F9757DB22AE655A000AC8EF /* ShellScript */ = {
			isa = PBXShellScriptBuildPhase;
			buildActionMask = 2147483647;
			files = (
			);
			inputFileListPaths = (
			);
			inputPaths = (
			);
			outputFileListPaths = (
			);
			outputPaths = (
			);
			runOnlyForDeploymentPostprocessing = 0;
			shellPath = /bin/bash;
			shellScript = "# Type a script or drag a script file from your workspace to insert its path.\nrm -fR ${BUILT_PRODUCTS_DIR}/SwiftyStatsTests.xctest\n";
		};
/* End PBXShellScriptBuildPhase section */

/* Begin PBXSourcesBuildPhase section */
		9F19FC4722B132C40042E922 /* Sources */ = {
			isa = PBXSourcesBuildPhase;
			buildActionMask = 2147483647;
			files = (
				9F19FC4E22B132C40042E922 /* main.swift in Sources */,
			);
			runOnlyForDeploymentPostprocessing = 0;
		};
		9F82D39E1F1E8F19001BFC9D /* Sources */ = {
			isa = PBXSourcesBuildPhase;
			buildActionMask = 2147483647;
			files = (
				9FF76C2821524F740071FB65 /* Alg_838.swift in Sources */,
				9F7EFB362101EE0A00F0F573 /* ProbDist-LogNormal.swift in Sources */,
				9FCB77EC21103884002B6738 /* ProbDist-ExtremValue.swift in Sources */,
				9F6F0D712102664C006ACA13 /* r_derived_macros.swift in Sources */,
				9FB18A8A22B82450003D721E /* SSDeprecated.swift in Sources */,
				9F5A2A2C216909DF004DA091 /* HypergeometricPFQ.swift in Sources */,
				9FEA827F1F76CAF5005E4349 /* SSHypothesisTesting-Variances.swift in Sources */,
				9F9E6065210DAFE40059DF46 /* SSSF-BesselI.swift in Sources */,
				9F7BEEB92170761900A3C5D9 /* SSComplexMath.swift in Sources */,
				9F7EFB312101EDAC00F0F573 /* ProbDist-FRatio.swift in Sources */,
				9FEA82761F76CAF5005E4349 /* SSExamine-FileManagement.swift in Sources */,
				9F7EFB2F2101ED2900F0F573 /* ProbDist-ChiSquare.swift in Sources */,
				9FC1C9772160F9E900AE4457 /* SSMath-GenericFP.swift in Sources */,
				9F7EFB512101F02600F0F573 /* ProbDist-Erlang.swift in Sources */,
				9FEA82731F76CAF5005E4349 /* SSCrosstab.swift in Sources */,
				9FA87188210FA47D00C4A0FF /* ProbDist-RayleighDist.swift in Sources */,
				9FEA82871F76CAF5005E4349 /* SSUtils.swift in Sources */,
				9FEA82861F76CAF5005E4349 /* SSTukey.swift in Sources */,
				9FEA82751F76CAF5005E4349 /* SSDataGroupSorter.swift in Sources */,
				9F7EFB2D2101ECAF00F0F573 /* ProbDist-StudentT.swift in Sources */,
				9FEA82831F76CAF5005E4349 /* SSSimard-KSProb.swift in Sources */,
				9F13CD21211B71D100153FC3 /* CodableFloat80.swift in Sources */,
				9FEA82711F76CAF5005E4349 /* SSConstants.swift in Sources */,
				9FE86EC7215D19C800DD5349 /* SSSFBetaRegCF.swift in Sources */,
				9F7EFB392101EE4A00F0F573 /* ProbDist-Beta.swift in Sources */,
				9FD6663122B6BB860072FDB2 /* SSSpecialFunctions.swift in Sources */,
				9FEA82851F76CAF5005E4349 /* SSSwiftyStatsError.swift in Sources */,
				9F9E6074210DD3790059DF46 /* ProbDist-vMises-Circular.swift in Sources */,
				9F7EFB5D2101F0EF00F0F573 /* ProbDist-Binomial.swift in Sources */,
				9FEA827B1F76CAF5005E4349 /* SSHypothesisTesting-NPAR.swift in Sources */,
				9FEA827C1F76CAF5005E4349 /* SSHypothesisTesting-Outliers.swift in Sources */,
				9FE86ECA215D19F000DD5349 /* SSSFGammaQCF.swift in Sources */,
				9F5FFE49212D738C00047213 /* SSSHermiteH.swift in Sources */,
				9FEA82801F76CAF5005E4349 /* SSLogging.swift in Sources */,
				9F5BF9ED22C77258000DEC25 /* Namespaces.swift in Sources */,
				9F7EFB2A2101E6BE00F0F573 /* ProbDist-Gaussian.swift in Sources */,
				9FEA82721F76CAF5005E4349 /* SSContFrac.swift in Sources */,
				9F9E6070210DD0B10059DF46 /* Integrator.swift in Sources */,
				9FAACB702108730000C031F3 /* FP-Extension.swift in Sources */,
				9FEA827D1F76CAF5005E4349 /* SSHypothesisTesting-Randomness.swift in Sources */,
				9F371A3D212EAA6800BECC71 /* ProbDist-NoncentralT.swift in Sources */,
				9F7EFB4B2101EFC400F0F573 /* ProbDist-Wald_InverseNormal.swift in Sources */,
				9FC9082022BEB8160021C141 /* SSSF-Incgam-Gil_Temme_.swift in Sources */,
				9F7EFB4E2101EFFF00F0F573 /* ProbDist-Gamma.swift in Sources */,
				9FD82699216FB29500AE1956 /* SSComplex.swift in Sources */,
				9F180B802110AF66007C6C1C /* SSExamine-Sn_Qn.swift in Sources */,
				9FEA827A1F76CAF5005E4349 /* SSHypothesisTesting-Autocorrelation.swift in Sources */,
				9F7EFB482101EF8F00F0F573 /* ProbDist-Exponential.swift in Sources */,
				9FEA82741F76CAF5005E4349 /* SSDataFrame.swift in Sources */,
				9F7EFB3F2101EEB900F0F573 /* ProbDist-Laplace.swift in Sources */,
				9FC1FC38210A33F600F5B43B /* ProbDist-Poisson.swift in Sources */,
				9F4DF7BE21516C010013792A /* Airy_Constants.swift in Sources */,
				9FEA82841F76CAF5005E4349 /* SSSF-Gamma-Beta.swift in Sources */,
				9FEA82881F76CAF5005E4349 /* SwiftyStats-EnumsStructs.swift in Sources */,
				9F7EFB5A2101F0B300F0F573 /* ProbDist-Triangular.swift in Sources */,
				9F7EFB3C2101EE8B00F0F573 /* ProbDist-Cauchy.swift in Sources */,
				9FEA82791F76CAF5005E4349 /* SSFrequencyTables.swift in Sources */,
				9F9E6068210DB0230059DF46 /* SSSF-BesselJ.swift in Sources */,
				9FDEEFA9210D097200AC6FB7 /* Chebyshev.swift in Sources */,
				9FEA82821F76CAF5005E4349 /* SSProtocols.swift in Sources */,
				9F2F23AE22A989FF0014CC4C /* Array-Extension.swift in Sources */,
				9FEA827E1F76CAF5005E4349 /* SSHypothesisTesting-TTests.swift in Sources */,
				9FEA82781F76CAF5005E4349 /* SSExamine.swift in Sources */,
				9F2EC6B1210AEF3E005AA755 /* Hypergeo.swift in Sources */,
				9FC118D420867ECC008860C7 /* String-Extension-Hash.swift in Sources */,
				9F7EFB422101EF2C00F0F573 /* ProbDist-Logistic.swift in Sources */,
				9F429DBB2150F28800C27B6B /* Airy.swift in Sources */,
				9F7EFB572101F08E00F0F573 /* ProbDist-Uniform.swift in Sources */,
				9F06A0682149B0400029DE0A /* SSSF-MarcumQ.swift in Sources */,
				9F7EFB452101EF5800F0F573 /* ProbDist-Pareto.swift in Sources */,
				9F4A44BE22AD939D00144552 /* SSExamine-Stats.swift in Sources */,
				9F7EFB542101F06300F0F573 /* ProbDist-Weibull.swift in Sources */,
				9F9E606D210DC2900059DF46 /* Polyeval.swift in Sources */,
			);
			runOnlyForDeploymentPostprocessing = 0;
		};
		9F82D3A81F1E8F19001BFC9D /* Sources */ = {
			isa = PBXSourcesBuildPhase;
			buildActionMask = 2147483647;
			files = (
				9F51D34B217B3DCB00D1DE83 /* randoms.swift in Sources */,
				9FEA82701F76CA76005E4349 /* SwiftyStatsTests.swift in Sources */,
				9FEA82A21F76CB48005E4349 /* LargeSet.swift in Sources */,
				9FA5D0B420FCC73D009DD5CB /* DataAsString.swift in Sources */,
				9F500411217862B000D0A3C3 /* gammaData.swift in Sources */,
				9FEA82A11F76CB48005E4349 /* clonidine_data.swift in Sources */,
			);
			runOnlyForDeploymentPostprocessing = 0;
		};
		9FEA82331F76C95F005E4349 /* Sources */ = {
			isa = PBXSourcesBuildPhase;
			buildActionMask = 2147483647;
			files = (
				9F9E606B210DBDD80059DF46 /* SSSF-BesselJ.swift in Sources */,
				9FF76C2921524F740071FB65 /* Alg_838.swift in Sources */,
				9FCB77ED21103884002B6738 /* ProbDist-ExtremValue.swift in Sources */,
				9FEA82971F76CB1D005E4349 /* SSHypothesisTesting-Variances.swift in Sources */,
				9F92B45622BD5D74001CF139 /* SSDeprecated.swift in Sources */,
				9F5A2A2D216909E0004DA091 /* HypergeometricPFQ.swift in Sources */,
				9F6F0D722102664C006ACA13 /* r_derived_macros.swift in Sources */,
				9FEA828E1F76CB1D005E4349 /* SSExamine-FileManagement.swift in Sources */,
				9F51D349217B32FF00D1DE83 /* SSComplexMath.swift in Sources */,
				9F7EFB342101EDB200F0F573 /* ProbDist-ChiSquare.swift in Sources */,
				9F7EFB2B2101E6BF00F0F573 /* ProbDist-Gaussian.swift in Sources */,
				9F7EFB432101EF2C00F0F573 /* ProbDist-Logistic.swift in Sources */,
				9FEA828B1F76CB1D005E4349 /* SSCrosstab.swift in Sources */,
				9FEA829F1F76CB1D005E4349 /* SSUtils.swift in Sources */,
				9FA87189210FA47D00C4A0FF /* ProbDist-RayleighDist.swift in Sources */,
				9FEA829E1F76CB1D005E4349 /* SSTukey.swift in Sources */,
				9F7EFB3D2101EE8B00F0F573 /* ProbDist-Cauchy.swift in Sources */,
				9F7EFB5B2101F0B300F0F573 /* ProbDist-Triangular.swift in Sources */,
				9F5FFE4A212D738C00047213 /* SSSHermiteH.swift in Sources */,
				9FEA828D1F76CB1D005E4349 /* SSDataGroupSorter.swift in Sources */,
				9F7EFB4F2101EFFF00F0F573 /* ProbDist-Gamma.swift in Sources */,
				9FEA829B1F76CB1D005E4349 /* SSSimard-KSProb.swift in Sources */,
				9F79AC5B214C2DFB00354E1E /* SSSF-MarcumQ.swift in Sources */,
				9F7EFB3A2101EE4A00F0F573 /* ProbDist-Beta.swift in Sources */,
				9FEA82891F76CB1D005E4349 /* SSConstants.swift in Sources */,
				9F9E6073210DD3790059DF46 /* ProbDist-vMises-Circular.swift in Sources */,
				9FD6663222B6BB860072FDB2 /* SSSpecialFunctions.swift in Sources */,
				9F9E606A210DBDD80059DF46 /* SSSF-BesselI.swift in Sources */,
				9F7EFB372101EE0A00F0F573 /* ProbDist-LogNormal.swift in Sources */,
				9FEA829D1F76CB1D005E4349 /* SSSwiftyStatsError.swift in Sources */,
				9F9E6069210DBDD80059DF46 /* SSSF-Gamma-Beta.swift in Sources */,
				9FEA82931F76CB1D005E4349 /* SSHypothesisTesting-NPAR.swift in Sources */,
				9F7EFB322101EDAC00F0F573 /* ProbDist-FRatio.swift in Sources */,
				9F9E6071210DD0B10059DF46 /* Integrator.swift in Sources */,
				9F5BF9EE22C77258000DEC25 /* Namespaces.swift in Sources */,
				9FEA82941F76CB1D005E4349 /* SSHypothesisTesting-Outliers.swift in Sources */,
				9F4DF7BF21516C010013792A /* Airy_Constants.swift in Sources */,
				9F7EFB492101EF8F00F0F573 /* ProbDist-Exponential.swift in Sources */,
				9FAACB712108730000C031F3 /* FP-Extension.swift in Sources */,
				9FEA82981F76CB1D005E4349 /* SSLogging.swift in Sources */,
				9F7EFB552101F06300F0F573 /* ProbDist-Weibull.swift in Sources */,
				9F180B812110AF67007C6C1C /* SSExamine-Sn_Qn.swift in Sources */,
				9FC9082122BEB8160021C141 /* SSSF-Incgam-Gil_Temme_.swift in Sources */,
				9FEA828A1F76CB1D005E4349 /* SSContFrac.swift in Sources */,
				9FE86EC8215D19C800DD5349 /* SSSFBetaRegCF.swift in Sources */,
				9FD8269A216FB29600AE1956 /* SSComplex.swift in Sources */,
				9FEA82951F76CB1D005E4349 /* SSHypothesisTesting-Randomness.swift in Sources */,
				9F7EFB4C2101EFC400F0F573 /* ProbDist-Wald_InverseNormal.swift in Sources */,
				9FEA82921F76CB1D005E4349 /* SSHypothesisTesting-Autocorrelation.swift in Sources */,
				9F7EFB622101F25200F0F573 /* String-Extension-Hash.swift in Sources */,
				9FC1FC39210A33F600F5B43B /* ProbDist-Poisson.swift in Sources */,
				9FEA828C1F76CB1D005E4349 /* SSDataFrame.swift in Sources */,
				9F7EFB402101EEB900F0F573 /* ProbDist-Laplace.swift in Sources */,
				9FE86ECB215D19F000DD5349 /* SSSFGammaQCF.swift in Sources */,
				9FEA82A01F76CB1D005E4349 /* SwiftyStats-EnumsStructs.swift in Sources */,
				9F7EFB582101F08E00F0F573 /* ProbDist-Uniform.swift in Sources */,
				9FDEEFAA210D097200AC6FB7 /* Chebyshev.swift in Sources */,
				9FEA82911F76CB1D005E4349 /* SSFrequencyTables.swift in Sources */,
				9F7EFB522101F02600F0F573 /* ProbDist-Erlang.swift in Sources */,
				9FE86ED1215D1B3100DD5349 /* CodableFloat80.swift in Sources */,
				9F7EFB462101EF5800F0F573 /* ProbDist-Pareto.swift in Sources */,
				9F2EC6B2210AEF3E005AA755 /* Hypergeo.swift in Sources */,
				9F2F23AF22A989FF0014CC4C /* Array-Extension.swift in Sources */,
				9FEA829A1F76CB1D005E4349 /* SSProtocols.swift in Sources */,
				9F7EFB332101EDB200F0F573 /* ProbDist-StudentT.swift in Sources */,
				9FC1C9782160F9E900AE4457 /* SSMath-GenericFP.swift in Sources */,
				9F429DBC2150F28800C27B6B /* Airy.swift in Sources */,
				9FEA82961F76CB1D005E4349 /* SSHypothesisTesting-TTests.swift in Sources */,
				9F7EFB5E2101F0EF00F0F573 /* ProbDist-Binomial.swift in Sources */,
				9F68C316212F4FF500E7CF44 /* ProbDist-NoncentralT.swift in Sources */,
				9F4A44BF22AD939D00144552 /* SSExamine-Stats.swift in Sources */,
				9FEA82901F76CB1D005E4349 /* SSExamine.swift in Sources */,
				9F9E606E210DC2900059DF46 /* Polyeval.swift in Sources */,
			);
			runOnlyForDeploymentPostprocessing = 0;
		};
/* End PBXSourcesBuildPhase section */

/* Begin PBXTargetDependency section */
		9F82D3AF1F1E8F19001BFC9D /* PBXTargetDependency */ = {
			isa = PBXTargetDependency;
			target = 9F82D3A21F1E8F19001BFC9D /* SwiftyStats */;
			targetProxy = 9F82D3AE1F1E8F19001BFC9D /* PBXContainerItemProxy */;
		};
/* End PBXTargetDependency section */

/* Begin XCBuildConfiguration section */
		9F19FC5022B132C40042E922 /* Debug */ = {
			isa = XCBuildConfiguration;
			buildSettings = {
				CLANG_CXX_LANGUAGE_STANDARD = "gnu++14";
				CLANG_ENABLE_OBJC_WEAK = YES;
				CLANG_WARN_UNGUARDED_AVAILABILITY = YES_AGGRESSIVE;
				CODE_SIGN_ENTITLEMENTS = SwiftStatsCLTest/SwiftStatsCLTest.entitlements;
				CODE_SIGN_IDENTITY = "-";
				CODE_SIGN_STYLE = Automatic;
				DEVELOPMENT_TEAM = 8K3X84P22H;
				ENABLE_HARDENED_RUNTIME = YES;
				GCC_C_LANGUAGE_STANDARD = gnu11;
				LD_RUNPATH_SEARCH_PATHS = "@executable_path @rpath";
				MACOSX_DEPLOYMENT_TARGET = 10.14;
				MTL_ENABLE_DEBUG_INFO = INCLUDE_SOURCE;
				MTL_FAST_MATH = YES;
				PRODUCT_BUNDLE_IDENTIFIER = "de.volker-thieme.-";
				PRODUCT_NAME = "$(TARGET_NAME)";
				PROVISIONING_PROFILE_SPECIFIER = "";
				SWIFT_VERSION = 5.0;
			};
			name = Debug;
		};
		9F19FC5122B132C40042E922 /* Release */ = {
			isa = XCBuildConfiguration;
			buildSettings = {
				CLANG_CXX_LANGUAGE_STANDARD = "gnu++14";
				CLANG_ENABLE_OBJC_WEAK = YES;
				CLANG_WARN_UNGUARDED_AVAILABILITY = YES_AGGRESSIVE;
				CODE_SIGN_ENTITLEMENTS = SwiftStatsCLTest/SwiftStatsCLTest.entitlements;
				CODE_SIGN_IDENTITY = "-";
				CODE_SIGN_STYLE = Automatic;
				DEVELOPMENT_TEAM = 8K3X84P22H;
				ENABLE_HARDENED_RUNTIME = YES;
				GCC_C_LANGUAGE_STANDARD = gnu11;
				LD_RUNPATH_SEARCH_PATHS = "@executable_path @rpath";
				MACOSX_DEPLOYMENT_TARGET = 10.14;
				MTL_FAST_MATH = YES;
				PRODUCT_BUNDLE_IDENTIFIER = "de.volker-thieme.-";
				PRODUCT_NAME = "$(TARGET_NAME)";
				PROVISIONING_PROFILE_SPECIFIER = "";
				SWIFT_VERSION = 5.0;
			};
			name = Release;
		};
		9F82D3B51F1E8F19001BFC9D /* Debug */ = {
			isa = XCBuildConfiguration;
			buildSettings = {
				ALWAYS_SEARCH_USER_PATHS = NO;
				CLANG_ANALYZER_LOCALIZABILITY_NONLOCALIZED = YES;
				CLANG_ANALYZER_NONNULL = YES;
				CLANG_ANALYZER_NUMBER_OBJECT_CONVERSION = YES_AGGRESSIVE;
				CLANG_CXX_LANGUAGE_STANDARD = "gnu++0x";
				CLANG_CXX_LIBRARY = "libc++";
				CLANG_ENABLE_MODULES = YES;
				CLANG_ENABLE_OBJC_ARC = YES;
				CLANG_WARN_BLOCK_CAPTURE_AUTORELEASING = YES;
				CLANG_WARN_BOOL_CONVERSION = YES;
				CLANG_WARN_COMMA = YES;
				CLANG_WARN_CONSTANT_CONVERSION = YES;
				CLANG_WARN_DEPRECATED_OBJC_IMPLEMENTATIONS = YES;
				CLANG_WARN_DIRECT_OBJC_ISA_USAGE = YES_ERROR;
				CLANG_WARN_DOCUMENTATION_COMMENTS = YES;
				CLANG_WARN_EMPTY_BODY = YES;
				CLANG_WARN_ENUM_CONVERSION = YES;
				CLANG_WARN_INFINITE_RECURSION = YES;
				CLANG_WARN_INT_CONVERSION = YES;
				CLANG_WARN_NON_LITERAL_NULL_CONVERSION = YES;
				CLANG_WARN_OBJC_IMPLICIT_RETAIN_SELF = YES;
				CLANG_WARN_OBJC_LITERAL_CONVERSION = YES;
				CLANG_WARN_OBJC_ROOT_CLASS = YES_ERROR;
				CLANG_WARN_QUOTED_INCLUDE_IN_FRAMEWORK_HEADER = YES;
				CLANG_WARN_RANGE_LOOP_ANALYSIS = YES;
				CLANG_WARN_STRICT_PROTOTYPES = YES;
				CLANG_WARN_SUSPICIOUS_MOVE = YES;
				CLANG_WARN_UNREACHABLE_CODE = YES;
				CLANG_WARN__DUPLICATE_METHOD_MATCH = YES;
				CODE_SIGN_IDENTITY = "-";
				COPY_PHASE_STRIP = NO;
				CURRENT_PROJECT_VERSION = 1;
				DEBUG_INFORMATION_FORMAT = dwarf;
				ENABLE_STRICT_OBJC_MSGSEND = YES;
				ENABLE_TESTABILITY = YES;
				GCC_C_LANGUAGE_STANDARD = gnu99;
				GCC_DYNAMIC_NO_PIC = NO;
				GCC_NO_COMMON_BLOCKS = YES;
				GCC_OPTIMIZATION_LEVEL = 0;
				GCC_PREPROCESSOR_DEFINITIONS = (
					"DEBUG=1",
					"$(inherited)",
				);
				GCC_WARN_64_TO_32_BIT_CONVERSION = YES;
				GCC_WARN_ABOUT_RETURN_TYPE = YES_ERROR;
				GCC_WARN_UNDECLARED_SELECTOR = YES;
				GCC_WARN_UNINITIALIZED_AUTOS = YES_AGGRESSIVE;
				GCC_WARN_UNUSED_FUNCTION = YES;
				GCC_WARN_UNUSED_VARIABLE = YES;
				IPHONEOS_DEPLOYMENT_TARGET = 13.0;
				MACOSX_DEPLOYMENT_TARGET = 10.12;
				MTL_ENABLE_DEBUG_INFO = YES;
				ONLY_ACTIVE_ARCH = YES;
				SDKROOT = macosx;
				SWIFT_ACTIVE_COMPILATION_CONDITIONS = DEBUG;
				SWIFT_OPTIMIZATION_LEVEL = "-Onone";
				SWIFT_VERSION = 5.0;
				VERSIONING_SYSTEM = "apple-generic";
				VERSION_INFO_PREFIX = "";
			};
			name = Debug;
		};
		9F82D3B61F1E8F19001BFC9D /* Release */ = {
			isa = XCBuildConfiguration;
			buildSettings = {
				ALWAYS_SEARCH_USER_PATHS = NO;
				CLANG_ANALYZER_LOCALIZABILITY_NONLOCALIZED = YES;
				CLANG_ANALYZER_NONNULL = YES;
				CLANG_ANALYZER_NUMBER_OBJECT_CONVERSION = YES_AGGRESSIVE;
				CLANG_CXX_LANGUAGE_STANDARD = "gnu++0x";
				CLANG_CXX_LIBRARY = "libc++";
				CLANG_ENABLE_MODULES = YES;
				CLANG_ENABLE_OBJC_ARC = YES;
				CLANG_WARN_BLOCK_CAPTURE_AUTORELEASING = YES;
				CLANG_WARN_BOOL_CONVERSION = YES;
				CLANG_WARN_COMMA = YES;
				CLANG_WARN_CONSTANT_CONVERSION = YES;
				CLANG_WARN_DEPRECATED_OBJC_IMPLEMENTATIONS = YES;
				CLANG_WARN_DIRECT_OBJC_ISA_USAGE = YES_ERROR;
				CLANG_WARN_DOCUMENTATION_COMMENTS = YES;
				CLANG_WARN_EMPTY_BODY = YES;
				CLANG_WARN_ENUM_CONVERSION = YES;
				CLANG_WARN_INFINITE_RECURSION = YES;
				CLANG_WARN_INT_CONVERSION = YES;
				CLANG_WARN_NON_LITERAL_NULL_CONVERSION = YES;
				CLANG_WARN_OBJC_IMPLICIT_RETAIN_SELF = YES;
				CLANG_WARN_OBJC_LITERAL_CONVERSION = YES;
				CLANG_WARN_OBJC_ROOT_CLASS = YES_ERROR;
				CLANG_WARN_QUOTED_INCLUDE_IN_FRAMEWORK_HEADER = YES;
				CLANG_WARN_RANGE_LOOP_ANALYSIS = YES;
				CLANG_WARN_STRICT_PROTOTYPES = YES;
				CLANG_WARN_SUSPICIOUS_MOVE = YES;
				CLANG_WARN_UNREACHABLE_CODE = YES;
				CLANG_WARN__DUPLICATE_METHOD_MATCH = YES;
				CODE_SIGN_IDENTITY = "-";
				COPY_PHASE_STRIP = NO;
				CURRENT_PROJECT_VERSION = 1;
				DEBUG_INFORMATION_FORMAT = "dwarf-with-dsym";
				ENABLE_NS_ASSERTIONS = NO;
				ENABLE_STRICT_OBJC_MSGSEND = YES;
				GCC_C_LANGUAGE_STANDARD = gnu99;
				GCC_NO_COMMON_BLOCKS = YES;
				GCC_WARN_64_TO_32_BIT_CONVERSION = YES;
				GCC_WARN_ABOUT_RETURN_TYPE = YES_ERROR;
				GCC_WARN_UNDECLARED_SELECTOR = YES;
				GCC_WARN_UNINITIALIZED_AUTOS = YES_AGGRESSIVE;
				GCC_WARN_UNUSED_FUNCTION = YES;
				GCC_WARN_UNUSED_VARIABLE = YES;
				IPHONEOS_DEPLOYMENT_TARGET = 13.0;
				MACOSX_DEPLOYMENT_TARGET = 10.12;
				MTL_ENABLE_DEBUG_INFO = NO;
				SDKROOT = macosx;
				SWIFT_OPTIMIZATION_LEVEL = "-Owholemodule";
				SWIFT_VERSION = 5.0;
				VERSIONING_SYSTEM = "apple-generic";
				VERSION_INFO_PREFIX = "";
			};
			name = Release;
		};
		9F82D3B81F1E8F19001BFC9D /* Debug */ = {
			isa = XCBuildConfiguration;
			buildSettings = {
				CLANG_ENABLE_MODULES = YES;
				CODE_SIGN_IDENTITY = "";
				CODE_SIGN_STYLE = Automatic;
				COMBINE_HIDPI_IMAGES = YES;
				DEFINES_MODULE = YES;
				DEVELOPMENT_TEAM = 8K3X84P22H;
				DYLIB_COMPATIBILITY_VERSION = 1;
				DYLIB_CURRENT_VERSION = 1;
				DYLIB_INSTALL_NAME_BASE = "@rpath";
				FRAMEWORK_VERSION = A;
				GCC_WARN_ABOUT_DEPRECATED_FUNCTIONS = NO;
				INFOPLIST_FILE = "$(SRCROOT)/Info.plist";
				INSTALL_PATH = "$(USER_LIBRARY_DIR)/Frameworks";
				LD_RUNPATH_SEARCH_PATHS = "$(inherited) @executable_path/../Frameworks @loader_path/Frameworks";
				MACOSX_DEPLOYMENT_TARGET = 10.12;
				MARKETING_VERSION = 1.1.3;
				OTHER_SWIFT_FLAGS = "-Xfrontend -debug-time-function-bodies -Xfrontend -warn-long-expression-type-checking=1000";
				PRODUCT_BUNDLE_IDENTIFIER = "de.volker-thieme.SwiftyStats";
				PRODUCT_NAME = SwiftyStats;
				PROVISIONING_PROFILE_SPECIFIER = "";
				SKIP_INSTALL = YES;
				SWIFT_OPTIMIZATION_LEVEL = "-Onone";
				SWIFT_VERSION = 5.0;
			};
			name = Debug;
		};
		9F82D3B91F1E8F19001BFC9D /* Release */ = {
			isa = XCBuildConfiguration;
			buildSettings = {
				CLANG_ENABLE_MODULES = YES;
				CODE_SIGN_IDENTITY = "";
				CODE_SIGN_STYLE = Automatic;
				COMBINE_HIDPI_IMAGES = YES;
				DEFINES_MODULE = YES;
				DEVELOPMENT_TEAM = 8K3X84P22H;
				DYLIB_COMPATIBILITY_VERSION = 1;
				DYLIB_CURRENT_VERSION = 1;
				DYLIB_INSTALL_NAME_BASE = "@rpath";
				FRAMEWORK_VERSION = A;
				GCC_WARN_ABOUT_DEPRECATED_FUNCTIONS = NO;
				INFOPLIST_FILE = "$(SRCROOT)/Info.plist";
				INSTALL_PATH = "$(USER_LIBRARY_DIR)/Frameworks";
				LD_RUNPATH_SEARCH_PATHS = "$(inherited) @executable_path/../Frameworks @loader_path/Frameworks";
				MACOSX_DEPLOYMENT_TARGET = 10.12;
				MARKETING_VERSION = 1.1.3;
				OTHER_SWIFT_FLAGS = "";
				PRODUCT_BUNDLE_IDENTIFIER = "de.volker-thieme.SwiftyStats";
				PRODUCT_NAME = SwiftyStats;
				PROVISIONING_PROFILE_SPECIFIER = "";
				SKIP_INSTALL = YES;
				SWIFT_COMPILATION_MODE = wholemodule;
				SWIFT_VERSION = 5.0;
			};
			name = Release;
		};
		9F82D3BB1F1E8F19001BFC9D /* Debug */ = {
			isa = XCBuildConfiguration;
			buildSettings = {
				ALWAYS_EMBED_SWIFT_STANDARD_LIBRARIES = YES;
				CODE_SIGN_IDENTITY = "Developer ID Installer: Volker Thieme (8K3X84P22H)";
				CODE_SIGN_STYLE = Automatic;
				COMBINE_HIDPI_IMAGES = YES;
				DEVELOPMENT_TEAM = 8K3X84P22H;
				INFOPLIST_FILE = CommonTests/Info.plist;
				LD_RUNPATH_SEARCH_PATHS = "$(inherited) @executable_path/../Frameworks @loader_path/../Frameworks";
				PRODUCT_BUNDLE_IDENTIFIER = de.strike65.SwiftyStatsTests;
				PRODUCT_NAME = "$(TARGET_NAME)";
				PROVISIONING_PROFILE_SPECIFIER = "";
				SWIFT_VERSION = 5.0;
			};
			name = Debug;
		};
		9F82D3BC1F1E8F19001BFC9D /* Release */ = {
			isa = XCBuildConfiguration;
			buildSettings = {
				ALWAYS_EMBED_SWIFT_STANDARD_LIBRARIES = YES;
				CODE_SIGN_IDENTITY = "Developer ID Installer: Volker Thieme (8K3X84P22H)";
				CODE_SIGN_STYLE = Automatic;
				COMBINE_HIDPI_IMAGES = YES;
				DEVELOPMENT_TEAM = 8K3X84P22H;
				INFOPLIST_FILE = CommonTests/Info.plist;
				LD_RUNPATH_SEARCH_PATHS = "$(inherited) @executable_path/../Frameworks @loader_path/../Frameworks";
				PRODUCT_BUNDLE_IDENTIFIER = de.strike65.SwiftyStatsTests;
				PRODUCT_NAME = "$(TARGET_NAME)";
				PROVISIONING_PROFILE_SPECIFIER = "";
				SWIFT_VERSION = 5.0;
			};
			name = Release;
		};
		9FEA823E1F76C95F005E4349 /* Debug */ = {
			isa = XCBuildConfiguration;
			buildSettings = {
				APPLICATION_EXTENSION_API_ONLY = NO;
				CLANG_CXX_LANGUAGE_STANDARD = "gnu++14";
				CLANG_WARN_UNGUARDED_AVAILABILITY = YES_AGGRESSIVE;
				CODE_SIGN_IDENTITY = "";
				"CODE_SIGN_IDENTITY[sdk=iphoneos*]" = "";
				CODE_SIGN_STYLE = Automatic;
				COMBINE_HIDPI_IMAGES = YES;
				DEFINES_MODULE = YES;
				DEVELOPMENT_TEAM = 8K3X84P22H;
				DYLIB_COMPATIBILITY_VERSION = 1;
				DYLIB_CURRENT_VERSION = 1;
				DYLIB_INSTALL_NAME_BASE = "@rpath";
				FRAMEWORK_VERSION = A;
				GCC_C_LANGUAGE_STANDARD = gnu11;
				INFOPLIST_FILE = "$(SRCROOT)/Info.plist";
				INSTALL_PATH = "$(LOCAL_LIBRARY_DIR)/Frameworks";
				IPHONEOS_DEPLOYMENT_TARGET = 12.0;
				LD_RUNPATH_SEARCH_PATHS = "$(inherited) @executable_path/../Frameworks @loader_path/Frameworks";
				MARKETING_VERSION = 1.1.3;
				OTHER_SWIFT_FLAGS = "";
				PRODUCT_BUNDLE_IDENTIFIER = "de.volker-thieme.SwiftyStatsMobile";
				PRODUCT_NAME = SwiftyStatsMobile;
				PROVISIONING_PROFILE_SPECIFIER = "";
				SDKROOT = iphoneos;
				SKIP_INSTALL = YES;
				SUPPORTS_MACCATALYST = NO;
				SWIFT_VERSION = 5.0;
				TARGETED_DEVICE_FAMILY = "1,2";
			};
			name = Debug;
		};
		9FEA823F1F76C95F005E4349 /* Release */ = {
			isa = XCBuildConfiguration;
			buildSettings = {
				APPLICATION_EXTENSION_API_ONLY = NO;
				CLANG_CXX_LANGUAGE_STANDARD = "gnu++14";
				CLANG_WARN_UNGUARDED_AVAILABILITY = YES_AGGRESSIVE;
				CODE_SIGN_IDENTITY = "";
				"CODE_SIGN_IDENTITY[sdk=iphoneos*]" = "";
				CODE_SIGN_STYLE = Automatic;
				COMBINE_HIDPI_IMAGES = YES;
				DEFINES_MODULE = YES;
				DEVELOPMENT_TEAM = 8K3X84P22H;
				DYLIB_COMPATIBILITY_VERSION = 1;
				DYLIB_CURRENT_VERSION = 1;
				DYLIB_INSTALL_NAME_BASE = "@rpath";
				FRAMEWORK_VERSION = A;
				GCC_C_LANGUAGE_STANDARD = gnu11;
				INFOPLIST_FILE = "$(SRCROOT)/Info.plist";
				INSTALL_PATH = "$(LOCAL_LIBRARY_DIR)/Frameworks";
				IPHONEOS_DEPLOYMENT_TARGET = 12.0;
				LD_RUNPATH_SEARCH_PATHS = "$(inherited) @executable_path/../Frameworks @loader_path/Frameworks";
				MARKETING_VERSION = 1.1.3;
				OTHER_SWIFT_FLAGS = "";
				PRODUCT_BUNDLE_IDENTIFIER = "de.volker-thieme.SwiftyStatsMobile";
				PRODUCT_NAME = SwiftyStatsMobile;
				PROVISIONING_PROFILE_SPECIFIER = "";
				SDKROOT = iphoneos;
				SKIP_INSTALL = YES;
				SUPPORTS_MACCATALYST = NO;
				SWIFT_COMPILATION_MODE = wholemodule;
				SWIFT_VERSION = 5.0;
				TARGETED_DEVICE_FAMILY = "1,2";
			};
			name = Release;
		};
/* End XCBuildConfiguration section */

/* Begin XCConfigurationList section */
		9F19FC4F22B132C40042E922 /* Build configuration list for PBXNativeTarget "SwiftStatsCLTest" */ = {
			isa = XCConfigurationList;
			buildConfigurations = (
				9F19FC5022B132C40042E922 /* Debug */,
				9F19FC5122B132C40042E922 /* Release */,
			);
			defaultConfigurationIsVisible = 0;
			defaultConfigurationName = Release;
		};
		9F82D39D1F1E8F19001BFC9D /* Build configuration list for PBXProject "SwiftyStats" */ = {
			isa = XCConfigurationList;
			buildConfigurations = (
				9F82D3B51F1E8F19001BFC9D /* Debug */,
				9F82D3B61F1E8F19001BFC9D /* Release */,
			);
			defaultConfigurationIsVisible = 0;
			defaultConfigurationName = Release;
		};
		9F82D3B71F1E8F19001BFC9D /* Build configuration list for PBXNativeTarget "SwiftyStats" */ = {
			isa = XCConfigurationList;
			buildConfigurations = (
				9F82D3B81F1E8F19001BFC9D /* Debug */,
				9F82D3B91F1E8F19001BFC9D /* Release */,
			);
			defaultConfigurationIsVisible = 0;
			defaultConfigurationName = Release;
		};
		9F82D3BA1F1E8F19001BFC9D /* Build configuration list for PBXNativeTarget "SwiftyStatsTests" */ = {
			isa = XCConfigurationList;
			buildConfigurations = (
				9F82D3BB1F1E8F19001BFC9D /* Debug */,
				9F82D3BC1F1E8F19001BFC9D /* Release */,
			);
			defaultConfigurationIsVisible = 0;
			defaultConfigurationName = Release;
		};
		9FEA823D1F76C95F005E4349 /* Build configuration list for PBXNativeTarget "SwiftyStatsMobile" */ = {
			isa = XCConfigurationList;
			buildConfigurations = (
				9FEA823E1F76C95F005E4349 /* Debug */,
				9FEA823F1F76C95F005E4349 /* Release */,
			);
			defaultConfigurationIsVisible = 0;
			defaultConfigurationName = Release;
		};
/* End XCConfigurationList section */
	};
	rootObject = 9F82D39A1F1E8F19001BFC9D /* Project object */;
}
