// !$*UTF8*$!
{
	archiveVersion = 1;
	classes = {
	};
	objectVersion = 46;
	objects = {

/* Begin PBXBuildFile section */
		9F1593521F2520BA0050D6EC /* SSSimard-KSProb.swift in Sources */ = {isa = PBXBuildFile; fileRef = 9F1593511F2520BA0050D6EC /* SSSimard-KSProb.swift */; };
		9F82D3AD1F1E8F19001BFC9D /* SwiftyStats.framework in Frameworks */ = {isa = PBXBuildFile; fileRef = 9F82D3A31F1E8F19001BFC9D /* SwiftyStats.framework */; };
		9F82D3B21F1E8F19001BFC9D /* SwiftyStatsTests.swift in Sources */ = {isa = PBXBuildFile; fileRef = 9F82D3B11F1E8F19001BFC9D /* SwiftyStatsTests.swift */; };
		9F82D3B41F1E8F19001BFC9D /* SwiftyStats.h in Headers */ = {isa = PBXBuildFile; fileRef = 9F82D3A61F1E8F19001BFC9D /* SwiftyStats.h */; settings = {ATTRIBUTES = (Public, ); }; };
		9F82D3C51F1E8F57001BFC9D /* SSConstants.swift in Sources */ = {isa = PBXBuildFile; fileRef = 9F82D3BD1F1E8F57001BFC9D /* SSConstants.swift */; };
		9F82D3C61F1E8F57001BFC9D /* SSExamine.swift in Sources */ = {isa = PBXBuildFile; fileRef = 9F82D3BE1F1E8F57001BFC9D /* SSExamine.swift */; };
		9F82D3C71F1E8F57001BFC9D /* SSFrequencyTables.swift in Sources */ = {isa = PBXBuildFile; fileRef = 9F82D3BF1F1E8F57001BFC9D /* SSFrequencyTables.swift */; };
		9F82D3C81F1E8F57001BFC9D /* SSLogging.swift in Sources */ = {isa = PBXBuildFile; fileRef = 9F82D3C01F1E8F57001BFC9D /* SSLogging.swift */; };
		9F82D3C91F1E8F57001BFC9D /* SSProbabilityDistributions.swift in Sources */ = {isa = PBXBuildFile; fileRef = 9F82D3C11F1E8F57001BFC9D /* SSProbabilityDistributions.swift */; };
		9F82D3CA1F1E8F57001BFC9D /* SSProtocols.swift in Sources */ = {isa = PBXBuildFile; fileRef = 9F82D3C21F1E8F57001BFC9D /* SSProtocols.swift */; };
		9F82D3CB1F1E8F57001BFC9D /* SSSwiftyStatsError.swift in Sources */ = {isa = PBXBuildFile; fileRef = 9F82D3C31F1E8F57001BFC9D /* SSSwiftyStatsError.swift */; };
		9F82D3CC1F1E8F57001BFC9D /* SSUtils.swift in Sources */ = {isa = PBXBuildFile; fileRef = 9F82D3C41F1E8F57001BFC9D /* SSUtils.swift */; };
		9F82D3CE1F1E8FEA001BFC9D /* SwiftyStats-EnumsStructs.swift in Sources */ = {isa = PBXBuildFile; fileRef = 9F82D3CD1F1E8FEA001BFC9D /* SwiftyStats-EnumsStructs.swift */; };
		9F919AAA1F3DD09000FC4199 /* SSTukey.swift in Sources */ = {isa = PBXBuildFile; fileRef = 9F919AA91F3DD09000FC4199 /* SSTukey.swift */; };
		9FAB31291F2101E10082D890 /* SSHypothesisTesting.swift in Sources */ = {isa = PBXBuildFile; fileRef = 9FAB31281F2101E10082D890 /* SSHypothesisTesting.swift */; };
		9FC030211F1FA05A00CEE0BC /* SSContFrac.swift in Sources */ = {isa = PBXBuildFile; fileRef = 9FC030201F1FA05A00CEE0BC /* SSContFrac.swift */; };
		9FC030231F1FBE4800CEE0BC /* SSSpecialFunctions.swift in Sources */ = {isa = PBXBuildFile; fileRef = 9FC030221F1FBE4800CEE0BC /* SSSpecialFunctions.swift */; };
		9FE9A5491F374F0400BC37BF /* LargeSet.swift in Sources */ = {isa = PBXBuildFile; fileRef = 9FE9A5481F374F0400BC37BF /* LargeSet.swift */; };
		9FF073C01F3CD48200439F7F /* SSDataGroupSorter.swift in Sources */ = {isa = PBXBuildFile; fileRef = 9FF073BF1F3CD48200439F7F /* SSDataGroupSorter.swift */; };
/* End PBXBuildFile section */

/* Begin PBXContainerItemProxy section */
		9F82D3AE1F1E8F19001BFC9D /* PBXContainerItemProxy */ = {
			isa = PBXContainerItemProxy;
			containerPortal = 9F82D39A1F1E8F19001BFC9D /* Project object */;
			proxyType = 1;
			remoteGlobalIDString = 9F82D3A21F1E8F19001BFC9D;
			remoteInfo = SwiftyStats;
		};
/* End PBXContainerItemProxy section */

/* Begin PBXFileReference section */
		9F1593511F2520BA0050D6EC /* SSSimard-KSProb.swift */ = {isa = PBXFileReference; fileEncoding = 4; lastKnownFileType = sourcecode.swift; path = "SSSimard-KSProb.swift"; sourceTree = "<group>"; };
		9F368BE71F20F340004A5193 /* LICENSE */ = {isa = PBXFileReference; lastKnownFileType = text; name = LICENSE; path = ../LICENSE; sourceTree = "<group>"; };
		9F368BE81F20F340004A5193 /* README.md */ = {isa = PBXFileReference; lastKnownFileType = net.daringfireball.markdown; name = README.md; path = ../README.md; sourceTree = "<group>"; };
		9F82D3A31F1E8F19001BFC9D /* SwiftyStats.framework */ = {isa = PBXFileReference; explicitFileType = wrapper.framework; includeInIndex = 0; path = SwiftyStats.framework; sourceTree = BUILT_PRODUCTS_DIR; };
		9F82D3A61F1E8F19001BFC9D /* SwiftyStats.h */ = {isa = PBXFileReference; lastKnownFileType = sourcecode.c.h; path = SwiftyStats.h; sourceTree = "<group>"; };
		9F82D3A71F1E8F19001BFC9D /* Info.plist */ = {isa = PBXFileReference; lastKnownFileType = text.plist.xml; path = Info.plist; sourceTree = "<group>"; };
		9F82D3AC1F1E8F19001BFC9D /* SwiftyStatsTests.xctest */ = {isa = PBXFileReference; explicitFileType = wrapper.cfbundle; includeInIndex = 0; path = SwiftyStatsTests.xctest; sourceTree = BUILT_PRODUCTS_DIR; };
		9F82D3B11F1E8F19001BFC9D /* SwiftyStatsTests.swift */ = {isa = PBXFileReference; lastKnownFileType = sourcecode.swift; path = SwiftyStatsTests.swift; sourceTree = "<group>"; };
		9F82D3B31F1E8F19001BFC9D /* Info.plist */ = {isa = PBXFileReference; lastKnownFileType = text.plist.xml; path = Info.plist; sourceTree = "<group>"; };
		9F82D3BD1F1E8F57001BFC9D /* SSConstants.swift */ = {isa = PBXFileReference; fileEncoding = 4; lastKnownFileType = sourcecode.swift; path = SSConstants.swift; sourceTree = "<group>"; };
		9F82D3BE1F1E8F57001BFC9D /* SSExamine.swift */ = {isa = PBXFileReference; fileEncoding = 4; lastKnownFileType = sourcecode.swift; path = SSExamine.swift; sourceTree = "<group>"; };
		9F82D3BF1F1E8F57001BFC9D /* SSFrequencyTables.swift */ = {isa = PBXFileReference; fileEncoding = 4; lastKnownFileType = sourcecode.swift; path = SSFrequencyTables.swift; sourceTree = "<group>"; };
		9F82D3C01F1E8F57001BFC9D /* SSLogging.swift */ = {isa = PBXFileReference; fileEncoding = 4; lastKnownFileType = sourcecode.swift; path = SSLogging.swift; sourceTree = "<group>"; };
		9F82D3C11F1E8F57001BFC9D /* SSProbabilityDistributions.swift */ = {isa = PBXFileReference; fileEncoding = 4; lastKnownFileType = sourcecode.swift; path = SSProbabilityDistributions.swift; sourceTree = "<group>"; };
		9F82D3C21F1E8F57001BFC9D /* SSProtocols.swift */ = {isa = PBXFileReference; fileEncoding = 4; lastKnownFileType = sourcecode.swift; path = SSProtocols.swift; sourceTree = "<group>"; };
		9F82D3C31F1E8F57001BFC9D /* SSSwiftyStatsError.swift */ = {isa = PBXFileReference; fileEncoding = 4; lastKnownFileType = sourcecode.swift; path = SSSwiftyStatsError.swift; sourceTree = "<group>"; };
		9F82D3C41F1E8F57001BFC9D /* SSUtils.swift */ = {isa = PBXFileReference; fileEncoding = 4; lastKnownFileType = sourcecode.swift; path = SSUtils.swift; sourceTree = "<group>"; };
		9F82D3CD1F1E8FEA001BFC9D /* SwiftyStats-EnumsStructs.swift */ = {isa = PBXFileReference; fileEncoding = 4; lastKnownFileType = sourcecode.swift; path = "SwiftyStats-EnumsStructs.swift"; sourceTree = "<group>"; };
		9F919AA91F3DD09000FC4199 /* SSTukey.swift */ = {isa = PBXFileReference; fileEncoding = 4; lastKnownFileType = sourcecode.swift; path = SSTukey.swift; sourceTree = "<group>"; };
		9FAB31281F2101E10082D890 /* SSHypothesisTesting.swift */ = {isa = PBXFileReference; fileEncoding = 4; lastKnownFileType = sourcecode.swift; path = SSHypothesisTesting.swift; sourceTree = "<group>"; };
		9FC030201F1FA05A00CEE0BC /* SSContFrac.swift */ = {isa = PBXFileReference; fileEncoding = 4; lastKnownFileType = sourcecode.swift; path = SSContFrac.swift; sourceTree = "<group>"; };
		9FC030221F1FBE4800CEE0BC /* SSSpecialFunctions.swift */ = {isa = PBXFileReference; fileEncoding = 4; lastKnownFileType = sourcecode.swift; path = SSSpecialFunctions.swift; sourceTree = "<group>"; };
		9FC547491F2DDE2000F58541 /* scratch */ = {isa = PBXFileReference; fileEncoding = 4; lastKnownFileType = text; path = scratch; sourceTree = "<group>"; };
		9FE9A5481F374F0400BC37BF /* LargeSet.swift */ = {isa = PBXFileReference; fileEncoding = 4; lastKnownFileType = sourcecode.swift; path = LargeSet.swift; sourceTree = "<group>"; };
		9FF073BF1F3CD48200439F7F /* SSDataGroupSorter.swift */ = {isa = PBXFileReference; fileEncoding = 4; lastKnownFileType = sourcecode.swift; path = SSDataGroupSorter.swift; sourceTree = "<group>"; };
		9FF3DEF81F23634E004B6AA1 /* TODO */ = {isa = PBXFileReference; fileEncoding = 4; lastKnownFileType = text; path = TODO; sourceTree = "<group>"; };
/* End PBXFileReference section */

/* Begin PBXFrameworksBuildPhase section */
		9F82D39F1F1E8F19001BFC9D /* Frameworks */ = {
			isa = PBXFrameworksBuildPhase;
			buildActionMask = 2147483647;
			files = (
			);
			runOnlyForDeploymentPostprocessing = 0;
		};
		9F82D3A91F1E8F19001BFC9D /* Frameworks */ = {
			isa = PBXFrameworksBuildPhase;
			buildActionMask = 2147483647;
			files = (
				9F82D3AD1F1E8F19001BFC9D /* SwiftyStats.framework in Frameworks */,
			);
			runOnlyForDeploymentPostprocessing = 0;
		};
/* End PBXFrameworksBuildPhase section */

/* Begin PBXGroup section */
		9F82D3991F1E8F19001BFC9D = {
			isa = PBXGroup;
			children = (
				9F368BE71F20F340004A5193 /* LICENSE */,
				9F368BE81F20F340004A5193 /* README.md */,
				9F82D3A51F1E8F19001BFC9D /* SwiftyStats */,
				9F82D3B01F1E8F19001BFC9D /* SwiftyStatsTests */,
				9F82D3A41F1E8F19001BFC9D /* Products */,
			);
			sourceTree = "<group>";
		};
		9F82D3A41F1E8F19001BFC9D /* Products */ = {
			isa = PBXGroup;
			children = (
				9F82D3A31F1E8F19001BFC9D /* SwiftyStats.framework */,
				9F82D3AC1F1E8F19001BFC9D /* SwiftyStatsTests.xctest */,
			);
			name = Products;
			sourceTree = "<group>";
		};
		9F82D3A51F1E8F19001BFC9D /* SwiftyStats */ = {
			isa = PBXGroup;
			children = (
				9FC547491F2DDE2000F58541 /* scratch */,
				9FF3DEF81F23634E004B6AA1 /* TODO */,
				9F82D3CD1F1E8FEA001BFC9D /* SwiftyStats-EnumsStructs.swift */,
				9F82D3BD1F1E8F57001BFC9D /* SSConstants.swift */,
				9F82D3BE1F1E8F57001BFC9D /* SSExamine.swift */,
				9F82D3BF1F1E8F57001BFC9D /* SSFrequencyTables.swift */,
				9F82D3C01F1E8F57001BFC9D /* SSLogging.swift */,
				9F82D3C11F1E8F57001BFC9D /* SSProbabilityDistributions.swift */,
				9F82D3C21F1E8F57001BFC9D /* SSProtocols.swift */,
				9F82D3C31F1E8F57001BFC9D /* SSSwiftyStatsError.swift */,
				9F82D3C41F1E8F57001BFC9D /* SSUtils.swift */,
				9F82D3A61F1E8F19001BFC9D /* SwiftyStats.h */,
				9F82D3A71F1E8F19001BFC9D /* Info.plist */,
				9FC030201F1FA05A00CEE0BC /* SSContFrac.swift */,
				9FC030221F1FBE4800CEE0BC /* SSSpecialFunctions.swift */,
				9FAB31281F2101E10082D890 /* SSHypothesisTesting.swift */,
				9F1593511F2520BA0050D6EC /* SSSimard-KSProb.swift */,
				9FF073BF1F3CD48200439F7F /* SSDataGroupSorter.swift */,
				9F919AA91F3DD09000FC4199 /* SSTukey.swift */,
			);
			path = SwiftyStats;
			sourceTree = "<group>";
		};
		9F82D3B01F1E8F19001BFC9D /* SwiftyStatsTests */ = {
			isa = PBXGroup;
			children = (
				9F82D3B11F1E8F19001BFC9D /* SwiftyStatsTests.swift */,
				9F82D3B31F1E8F19001BFC9D /* Info.plist */,
				9FE9A5481F374F0400BC37BF /* LargeSet.swift */,
			);
			path = SwiftyStatsTests;
			sourceTree = "<group>";
		};
/* End PBXGroup section */

/* Begin PBXHeadersBuildPhase section */
		9F82D3A01F1E8F19001BFC9D /* Headers */ = {
			isa = PBXHeadersBuildPhase;
			buildActionMask = 2147483647;
			files = (
				9F82D3B41F1E8F19001BFC9D /* SwiftyStats.h in Headers */,
			);
			runOnlyForDeploymentPostprocessing = 0;
		};
/* End PBXHeadersBuildPhase section */

/* Begin PBXNativeTarget section */
		9F82D3A21F1E8F19001BFC9D /* SwiftyStats */ = {
			isa = PBXNativeTarget;
			buildConfigurationList = 9F82D3B71F1E8F19001BFC9D /* Build configuration list for PBXNativeTarget "SwiftyStats" */;
			buildPhases = (
				9F82D39E1F1E8F19001BFC9D /* Sources */,
				9F82D39F1F1E8F19001BFC9D /* Frameworks */,
				9F82D3A01F1E8F19001BFC9D /* Headers */,
				9F82D3A11F1E8F19001BFC9D /* Resources */,
			);
			buildRules = (
			);
			dependencies = (
			);
			name = SwiftyStats;
			productName = SwiftyStats;
			productReference = 9F82D3A31F1E8F19001BFC9D /* SwiftyStats.framework */;
			productType = "com.apple.product-type.framework";
		};
		9F82D3AB1F1E8F19001BFC9D /* SwiftyStatsTests */ = {
			isa = PBXNativeTarget;
			buildConfigurationList = 9F82D3BA1F1E8F19001BFC9D /* Build configuration list for PBXNativeTarget "SwiftyStatsTests" */;
			buildPhases = (
				9F82D3A81F1E8F19001BFC9D /* Sources */,
				9F82D3A91F1E8F19001BFC9D /* Frameworks */,
				9F82D3AA1F1E8F19001BFC9D /* Resources */,
			);
			buildRules = (
			);
			dependencies = (
				9F82D3AF1F1E8F19001BFC9D /* PBXTargetDependency */,
			);
			name = SwiftyStatsTests;
			productName = SwiftyStatsTests;
			productReference = 9F82D3AC1F1E8F19001BFC9D /* SwiftyStatsTests.xctest */;
			productType = "com.apple.product-type.bundle.unit-test";
		};
/* End PBXNativeTarget section */

/* Begin PBXProject section */
		9F82D39A1F1E8F19001BFC9D /* Project object */ = {
			isa = PBXProject;
			attributes = {
				LastSwiftUpdateCheck = 0830;
				LastUpgradeCheck = 0830;
				ORGANIZATIONNAME = VTSoftware;
				TargetAttributes = {
					9F82D3A21F1E8F19001BFC9D = {
						CreatedOnToolsVersion = 8.3.3;
						LastSwiftMigration = 0830;
						ProvisioningStyle = Automatic;
					};
					9F82D3AB1F1E8F19001BFC9D = {
						CreatedOnToolsVersion = 8.3.3;
						ProvisioningStyle = Automatic;
					};
				};
			};
			buildConfigurationList = 9F82D39D1F1E8F19001BFC9D /* Build configuration list for PBXProject "SwiftyStats" */;
			compatibilityVersion = "Xcode 3.2";
			developmentRegion = English;
			hasScannedForEncodings = 0;
			knownRegions = (
				en,
			);
			mainGroup = 9F82D3991F1E8F19001BFC9D;
			productRefGroup = 9F82D3A41F1E8F19001BFC9D /* Products */;
			projectDirPath = "";
			projectRoot = "";
			targets = (
				9F82D3A21F1E8F19001BFC9D /* SwiftyStats */,
				9F82D3AB1F1E8F19001BFC9D /* SwiftyStatsTests */,
			);
		};
/* End PBXProject section */

/* Begin PBXResourcesBuildPhase section */
		9F82D3A11F1E8F19001BFC9D /* Resources */ = {
			isa = PBXResourcesBuildPhase;
			buildActionMask = 2147483647;
			files = (
			);
			runOnlyForDeploymentPostprocessing = 0;
		};
		9F82D3AA1F1E8F19001BFC9D /* Resources */ = {
			isa = PBXResourcesBuildPhase;
			buildActionMask = 2147483647;
			files = (
			);
			runOnlyForDeploymentPostprocessing = 0;
		};
/* End PBXResourcesBuildPhase section */

/* Begin PBXSourcesBuildPhase section */
		9F82D39E1F1E8F19001BFC9D /* Sources */ = {
			isa = PBXSourcesBuildPhase;
			buildActionMask = 2147483647;
			files = (
				9F82D3CB1F1E8F57001BFC9D /* SSSwiftyStatsError.swift in Sources */,
				9F82D3C51F1E8F57001BFC9D /* SSConstants.swift in Sources */,
				9FC030231F1FBE4800CEE0BC /* SSSpecialFunctions.swift in Sources */,
				9F82D3C91F1E8F57001BFC9D /* SSProbabilityDistributions.swift in Sources */,
				9FAB31291F2101E10082D890 /* SSHypothesisTesting.swift in Sources */,
				9F82D3C71F1E8F57001BFC9D /* SSFrequencyTables.swift in Sources */,
				9FF073C01F3CD48200439F7F /* SSDataGroupSorter.swift in Sources */,
				9F82D3CA1F1E8F57001BFC9D /* SSProtocols.swift in Sources */,
				9F1593521F2520BA0050D6EC /* SSSimard-KSProb.swift in Sources */,
				9F82D3C61F1E8F57001BFC9D /* SSExamine.swift in Sources */,
				9F82D3C81F1E8F57001BFC9D /* SSLogging.swift in Sources */,
				9FC030211F1FA05A00CEE0BC /* SSContFrac.swift in Sources */,
				9F82D3CE1F1E8FEA001BFC9D /* SwiftyStats-EnumsStructs.swift in Sources */,
				9F919AAA1F3DD09000FC4199 /* SSTukey.swift in Sources */,
				9F82D3CC1F1E8F57001BFC9D /* SSUtils.swift in Sources */,
			);
			runOnlyForDeploymentPostprocessing = 0;
		};
		9F82D3A81F1E8F19001BFC9D /* Sources */ = {
			isa = PBXSourcesBuildPhase;
			buildActionMask = 2147483647;
			files = (
				9FE9A5491F374F0400BC37BF /* LargeSet.swift in Sources */,
				9F82D3B21F1E8F19001BFC9D /* SwiftyStatsTests.swift in Sources */,
			);
			runOnlyForDeploymentPostprocessing = 0;
		};
/* End PBXSourcesBuildPhase section */

/* Begin PBXTargetDependency section */
		9F82D3AF1F1E8F19001BFC9D /* PBXTargetDependency */ = {
			isa = PBXTargetDependency;
			target = 9F82D3A21F1E8F19001BFC9D /* SwiftyStats */;
			targetProxy = 9F82D3AE1F1E8F19001BFC9D /* PBXContainerItemProxy */;
		};
/* End PBXTargetDependency section */

/* Begin XCBuildConfiguration section */
		9F82D3B51F1E8F19001BFC9D /* Debug */ = {
			isa = XCBuildConfiguration;
			buildSettings = {
				ALWAYS_SEARCH_USER_PATHS = NO;
				CLANG_ANALYZER_NONNULL = YES;
				CLANG_ANALYZER_NUMBER_OBJECT_CONVERSION = YES_AGGRESSIVE;
				CLANG_CXX_LANGUAGE_STANDARD = "gnu++0x";
				CLANG_CXX_LIBRARY = "libc++";
				CLANG_ENABLE_MODULES = YES;
				CLANG_ENABLE_OBJC_ARC = YES;
				CLANG_WARN_BOOL_CONVERSION = YES;
				CLANG_WARN_CONSTANT_CONVERSION = YES;
				CLANG_WARN_DIRECT_OBJC_ISA_USAGE = YES_ERROR;
				CLANG_WARN_DOCUMENTATION_COMMENTS = YES;
				CLANG_WARN_EMPTY_BODY = YES;
				CLANG_WARN_ENUM_CONVERSION = YES;
				CLANG_WARN_INFINITE_RECURSION = YES;
				CLANG_WARN_INT_CONVERSION = YES;
				CLANG_WARN_OBJC_ROOT_CLASS = YES_ERROR;
				CLANG_WARN_SUSPICIOUS_MOVE = YES;
				CLANG_WARN_UNREACHABLE_CODE = YES;
				CLANG_WARN__DUPLICATE_METHOD_MATCH = YES;
				CODE_SIGN_IDENTITY = "-";
				COPY_PHASE_STRIP = NO;
				CURRENT_PROJECT_VERSION = 1;
				DEBUG_INFORMATION_FORMAT = dwarf;
				ENABLE_STRICT_OBJC_MSGSEND = YES;
				ENABLE_TESTABILITY = YES;
				GCC_C_LANGUAGE_STANDARD = gnu99;
				GCC_DYNAMIC_NO_PIC = NO;
				GCC_NO_COMMON_BLOCKS = YES;
				GCC_OPTIMIZATION_LEVEL = 0;
				GCC_PREPROCESSOR_DEFINITIONS = (
					"DEBUG=1",
					"$(inherited)",
				);
				GCC_WARN_64_TO_32_BIT_CONVERSION = YES;
				GCC_WARN_ABOUT_RETURN_TYPE = YES_ERROR;
				GCC_WARN_UNDECLARED_SELECTOR = YES;
				GCC_WARN_UNINITIALIZED_AUTOS = YES_AGGRESSIVE;
				GCC_WARN_UNUSED_FUNCTION = YES;
				GCC_WARN_UNUSED_VARIABLE = YES;
				MACOSX_DEPLOYMENT_TARGET = 10.12;
				MTL_ENABLE_DEBUG_INFO = YES;
				ONLY_ACTIVE_ARCH = YES;
				SDKROOT = macosx;
				SWIFT_ACTIVE_COMPILATION_CONDITIONS = DEBUG;
				SWIFT_OPTIMIZATION_LEVEL = "-Onone";
				VERSIONING_SYSTEM = "apple-generic";
				VERSION_INFO_PREFIX = "";
			};
			name = Debug;
		};
		9F82D3B61F1E8F19001BFC9D /* Release */ = {
			isa = XCBuildConfiguration;
			buildSettings = {
				ALWAYS_SEARCH_USER_PATHS = NO;
				CLANG_ANALYZER_NONNULL = YES;
				CLANG_ANALYZER_NUMBER_OBJECT_CONVERSION = YES_AGGRESSIVE;
				CLANG_CXX_LANGUAGE_STANDARD = "gnu++0x";
				CLANG_CXX_LIBRARY = "libc++";
				CLANG_ENABLE_MODULES = YES;
				CLANG_ENABLE_OBJC_ARC = YES;
				CLANG_WARN_BOOL_CONVERSION = YES;
				CLANG_WARN_CONSTANT_CONVERSION = YES;
				CLANG_WARN_DIRECT_OBJC_ISA_USAGE = YES_ERROR;
				CLANG_WARN_DOCUMENTATION_COMMENTS = YES;
				CLANG_WARN_EMPTY_BODY = YES;
				CLANG_WARN_ENUM_CONVERSION = YES;
				CLANG_WARN_INFINITE_RECURSION = YES;
				CLANG_WARN_INT_CONVERSION = YES;
				CLANG_WARN_OBJC_ROOT_CLASS = YES_ERROR;
				CLANG_WARN_SUSPICIOUS_MOVE = YES;
				CLANG_WARN_UNREACHABLE_CODE = YES;
				CLANG_WARN__DUPLICATE_METHOD_MATCH = YES;
				CODE_SIGN_IDENTITY = "-";
				COPY_PHASE_STRIP = NO;
				CURRENT_PROJECT_VERSION = 1;
				DEBUG_INFORMATION_FORMAT = "dwarf-with-dsym";
				ENABLE_NS_ASSERTIONS = NO;
				ENABLE_STRICT_OBJC_MSGSEND = YES;
				GCC_C_LANGUAGE_STANDARD = gnu99;
				GCC_NO_COMMON_BLOCKS = YES;
				GCC_WARN_64_TO_32_BIT_CONVERSION = YES;
				GCC_WARN_ABOUT_RETURN_TYPE = YES_ERROR;
				GCC_WARN_UNDECLARED_SELECTOR = YES;
				GCC_WARN_UNINITIALIZED_AUTOS = YES_AGGRESSIVE;
				GCC_WARN_UNUSED_FUNCTION = YES;
				GCC_WARN_UNUSED_VARIABLE = YES;
				MACOSX_DEPLOYMENT_TARGET = 10.12;
				MTL_ENABLE_DEBUG_INFO = NO;
				SDKROOT = macosx;
				SWIFT_OPTIMIZATION_LEVEL = "-Owholemodule";
				VERSIONING_SYSTEM = "apple-generic";
				VERSION_INFO_PREFIX = "";
			};
			name = Release;
		};
		9F82D3B81F1E8F19001BFC9D /* Debug */ = {
			isa = XCBuildConfiguration;
			buildSettings = {
				CLANG_ENABLE_MODULES = YES;
				CODE_SIGN_IDENTITY = "Mac Developer";
				COMBINE_HIDPI_IMAGES = YES;
				DEFINES_MODULE = YES;
				DEVELOPMENT_TEAM = "";
				DYLIB_COMPATIBILITY_VERSION = 1;
				DYLIB_CURRENT_VERSION = 1;
				DYLIB_INSTALL_NAME_BASE = "@rpath";
				FRAMEWORK_VERSION = A;
				INFOPLIST_FILE = SwiftyStats/Info.plist;
				INSTALL_PATH = "$(LOCAL_LIBRARY_DIR)/Frameworks";
				LD_RUNPATH_SEARCH_PATHS = "$(inherited) @executable_path/../Frameworks @loader_path/Frameworks";
				PRODUCT_BUNDLE_IDENTIFIER = de.strike65.SwiftyStats;
				PRODUCT_NAME = "$(TARGET_NAME)";
				PROVISIONING_PROFILE_SPECIFIER = "";
				SKIP_INSTALL = YES;
				SWIFT_OPTIMIZATION_LEVEL = "-Onone";
				SWIFT_VERSION = 3.0;
			};
			name = Debug;
		};
		9F82D3B91F1E8F19001BFC9D /* Release */ = {
			isa = XCBuildConfiguration;
			buildSettings = {
				CLANG_ENABLE_MODULES = YES;
				CODE_SIGN_IDENTITY = "Mac Developer";
				COMBINE_HIDPI_IMAGES = YES;
				DEFINES_MODULE = YES;
				DEVELOPMENT_TEAM = "";
				DYLIB_COMPATIBILITY_VERSION = 1;
				DYLIB_CURRENT_VERSION = 1;
				DYLIB_INSTALL_NAME_BASE = "@rpath";
				FRAMEWORK_VERSION = A;
				INFOPLIST_FILE = SwiftyStats/Info.plist;
				INSTALL_PATH = "$(LOCAL_LIBRARY_DIR)/Frameworks";
				LD_RUNPATH_SEARCH_PATHS = "$(inherited) @executable_path/../Frameworks @loader_path/Frameworks";
				PRODUCT_BUNDLE_IDENTIFIER = de.strike65.SwiftyStats;
				PRODUCT_NAME = "$(TARGET_NAME)";
				PROVISIONING_PROFILE_SPECIFIER = "";
				SKIP_INSTALL = YES;
				SWIFT_VERSION = 3.0;
			};
			name = Release;
		};
		9F82D3BB1F1E8F19001BFC9D /* Debug */ = {
			isa = XCBuildConfiguration;
			buildSettings = {
				ALWAYS_EMBED_SWIFT_STANDARD_LIBRARIES = YES;
				COMBINE_HIDPI_IMAGES = YES;
				INFOPLIST_FILE = SwiftyStatsTests/Info.plist;
				LD_RUNPATH_SEARCH_PATHS = "$(inherited) @executable_path/../Frameworks @loader_path/../Frameworks";
				PRODUCT_BUNDLE_IDENTIFIER = de.strike65.SwiftyStatsTests;
				PRODUCT_NAME = "$(TARGET_NAME)";
				SWIFT_VERSION = 3.0;
			};
			name = Debug;
		};
		9F82D3BC1F1E8F19001BFC9D /* Release */ = {
			isa = XCBuildConfiguration;
			buildSettings = {
				ALWAYS_EMBED_SWIFT_STANDARD_LIBRARIES = YES;
				COMBINE_HIDPI_IMAGES = YES;
				INFOPLIST_FILE = SwiftyStatsTests/Info.plist;
				LD_RUNPATH_SEARCH_PATHS = "$(inherited) @executable_path/../Frameworks @loader_path/../Frameworks";
				PRODUCT_BUNDLE_IDENTIFIER = de.strike65.SwiftyStatsTests;
				PRODUCT_NAME = "$(TARGET_NAME)";
				SWIFT_VERSION = 3.0;
			};
			name = Release;
		};
/* End XCBuildConfiguration section */

/* Begin XCConfigurationList section */
		9F82D39D1F1E8F19001BFC9D /* Build configuration list for PBXProject "SwiftyStats" */ = {
			isa = XCConfigurationList;
			buildConfigurations = (
				9F82D3B51F1E8F19001BFC9D /* Debug */,
				9F82D3B61F1E8F19001BFC9D /* Release */,
			);
			defaultConfigurationIsVisible = 0;
			defaultConfigurationName = Release;
		};
		9F82D3B71F1E8F19001BFC9D /* Build configuration list for PBXNativeTarget "SwiftyStats" */ = {
			isa = XCConfigurationList;
			buildConfigurations = (
				9F82D3B81F1E8F19001BFC9D /* Debug */,
				9F82D3B91F1E8F19001BFC9D /* Release */,
			);
			defaultConfigurationIsVisible = 0;
			defaultConfigurationName = Release;
		};
		9F82D3BA1F1E8F19001BFC9D /* Build configuration list for PBXNativeTarget "SwiftyStatsTests" */ = {
			isa = XCConfigurationList;
			buildConfigurations = (
				9F82D3BB1F1E8F19001BFC9D /* Debug */,
				9F82D3BC1F1E8F19001BFC9D /* Release */,
			);
			defaultConfigurationIsVisible = 0;
			defaultConfigurationName = Release;
		};
/* End XCConfigurationList section */
	};
	rootObject = 9F82D39A1F1E8F19001BFC9D /* Project object */;
}
